// !$*UTF8*$!
{
	archiveVersion = 1;
	classes = {
	};
	objectVersion = 54;
	objects = {

/* Begin PBXBuildFile section */
		0225FF8B0BC1111FB183B7B9 /* DataTableWithDataSourceViewController.swift in Sources */ = {isa = PBXBuildFile; fileRef = 50FA0163CB78B87F273FF057 /* DataTableWithDataSourceViewController.swift */; };
		040B58D67039A7D36001D27B /* DataTableWithDataSetViewController.swift in Sources */ = {isa = PBXBuildFile; fileRef = 7F45F07BF618B454A64B68AF /* DataTableWithDataSetViewController.swift */; };
		05D66E6F22B94942003004D9 /* SwiftDataTablesTests.swift in Sources */ = {isa = PBXBuildFile; fileRef = 05D66E6E22B94942003004D9 /* SwiftDataTablesTests.swift */; };
		05D66E7A22B981D0003004D9 /* DataTableFixedColumnTypeTests.swift in Sources */ = {isa = PBXBuildFile; fileRef = 05D66E7922B981D0003004D9 /* DataTableFixedColumnTypeTests.swift */; };
		061375FFFA234C72995ACD7A /* SwiftDataTableColumnWidthProviderTests.swift in Sources */ = {isa = PBXBuildFile; fileRef = 10B32554DB4F47F48EFFB578 /* SwiftDataTableColumnWidthProviderTests.swift */; };
		E3A1C0A4D4F04B2A9B5CF000 /* SwiftDataTableIncrementalUpdatesTests.swift in Sources */ = {isa = PBXBuildFile; fileRef = E3A1C0A3D4F04B2A9B5CF000 /* SwiftDataTableIncrementalUpdatesTests.swift */; };
		3385E372C74D42EEB5E75515 /* SwiftDataTableRowHeightTests.swift in Sources */ = {isa = PBXBuildFile; fileRef = 9299816831254E94AAAE03A8 /* SwiftDataTableRowHeightTests.swift */; };
		4B6CE1D9EBE24FCD92532EE7 /* DataStructureModelColumnWidthTests.swift in Sources */ = {isa = PBXBuildFile; fileRef = 36595E1F6E6F4693963BFC0C /* DataStructureModelColumnWidthTests.swift */; };
		5F20F1A8D0684541AED663A8 /* SwiftDataTableAutoLayoutColumnWidthTests.swift in Sources */ = {isa = PBXBuildFile; fileRef = FAE8EDD24DB1434EAA47295C /* SwiftDataTableAutoLayoutColumnWidthTests.swift */; };
		72AC33FE805C40EA9439CB88 /* DataTableValueTypeTests.swift in Sources */ = {isa = PBXBuildFile; fileRef = 54F368F7D5974B7E82474AE0 /* DataTableValueTypeTests.swift */; };
		9D8084828EA94A9C80F09409 /* SwiftDataTableSearchControllerTests.swift in Sources */ = {isa = PBXBuildFile; fileRef = E0AABA490CE9485AAB039BE8 /* SwiftDataTableSearchControllerTests.swift */; };
		9E5F4A0909D24EB98A88C2BB /* DataTableConfigurationTests.swift in Sources */ = {isa = PBXBuildFile; fileRef = 6AE3A46369A2424599009AA9 /* DataTableConfigurationTests.swift */; };
		9F83366AF093470CBC2169C2 /* DataHeaderFooterViewModelTests.swift in Sources */ = {isa = PBXBuildFile; fileRef = 5BE43DBB53744CC9BF20F6F7 /* DataHeaderFooterViewModelTests.swift */; };
		AA87057B6EFE49589EA65361 /* DataTableSortTypeTests.swift in Sources */ = {isa = PBXBuildFile; fileRef = 62CECB5DF8834B8EA8ED0A71 /* DataTableSortTypeTests.swift */; };
		E13AD41ED82E4B07B24C1177 /* DataCellTextLayoutTests.swift in Sources */ = {isa = PBXBuildFile; fileRef = 9D4C8CD782CF4B0E89DC3A68 /* DataCellTextLayoutTests.swift */; };
		EDA24C1E370445C6829E639D /* SwiftDataTableCustomCellProviderTests.swift in Sources */ = {isa = PBXBuildFile; fileRef = 1020EABCA27B4494A44CFC0C /* SwiftDataTableCustomCellProviderTests.swift */; };
		2F80D9D4B6C9036A65806CB9 /* MenuTableViewController.swift in Sources */ = {isa = PBXBuildFile; fileRef = 6DEA41AD92EDA3A9A70B70E4 /* MenuTableViewController.swift */; };
		301755532C6643B201CCDA1C /* Images.xcassets in Resources */ = {isa = PBXBuildFile; fileRef = 1AE823D2F468F8A5CDB0F01B /* Images.xcassets */; };
		53C8B0EA943EB478F7CE2C96 /* NativeSearchDemoViewController.swift in Sources */ = {isa = PBXBuildFile; fileRef = FC117146EA940B0FE8FE80A8 /* NativeSearchDemoViewController.swift */; };
		5ACBD0C6A6B48FE8379B74F6 /* DataTableColumnWidthStrategy.swift in Sources */ = {isa = PBXBuildFile; fileRef = A3E40CA4B13B7CC3A40A6811 /* DataTableColumnWidthStrategy.swift */; };
		607FACE01AFB9204008FA782 /* LaunchScreen.xib in Resources */ = {isa = PBXBuildFile; fileRef = 607FACDE1AFB9204008FA782 /* LaunchScreen.xib */; };
		68E81A038BEEE72606B5D9D4 /* FixedColumnsDemoViewController.swift in Sources */ = {isa = PBXBuildFile; fileRef = 97538D4EDA2BA75CF0EDD1E9 /* FixedColumnsDemoViewController.swift */; };
		E3A1C0A6D4F04B2A9B5CF000 /* IncrementalUpdatesDemoViewController.swift in Sources */ = {isa = PBXBuildFile; fileRef = E3A1C0A5D4F04B2A9B5CF000 /* IncrementalUpdatesDemoViewController.swift */; };
		6BB376025F415AA919822F89 /* AppDelegate.swift in Sources */ = {isa = PBXBuildFile; fileRef = F62EF41EF8632BE5568D5721 /* AppDelegate.swift */; };
		7075D4A7DB74F015D99AEC1A /* CustomCellsAutoHeightDemoViewController.swift in Sources */ = {isa = PBXBuildFile; fileRef = EBF95C3EF2BDC5AD6405D7B7 /* CustomCellsAutoHeightDemoViewController.swift */; };
		75149E6B5B643A356AB36026 /* ColumnWidthStrategyDemoViewController.swift in Sources */ = {isa = PBXBuildFile; fileRef = 6D536EABE47910826744437E /* ColumnWidthStrategyDemoViewController.swift */; };
		7D00261DFB5D5873FC8DF2D0 /* FloatingElementsDemoViewController.swift in Sources */ = {isa = PBXBuildFile; fileRef = DD5020E2161572C7C541358C /* FloatingElementsDemoViewController.swift */; };
		89118AC12F34FD8D47AD3911 /* PerformanceDemoViewController.swift in Sources */ = {isa = PBXBuildFile; fileRef = 3D628162AC35FCB107FE21B1 /* PerformanceDemoViewController.swift */; };
		92C900E4008FA1FD1A9229CF /* ShowHideElementsDemoViewController.swift in Sources */ = {isa = PBXBuildFile; fileRef = 63750EB6BF834D33DA1E68C4 /* ShowHideElementsDemoViewController.swift */; };
		993B64E5626CAFF4E02D4F40 /* GenericDataTableViewController.swift in Sources */ = {isa = PBXBuildFile; fileRef = 53934DF0C205DE2E6367E26B /* GenericDataTableViewController.swift */; };
		A12D53A3A13A1C331AF1D3DD /* RowSelectionDemoViewController.swift in Sources */ = {isa = PBXBuildFile; fileRef = 867B9050B4C5F96248C00DB5 /* RowSelectionDemoViewController.swift */; };
		A37FB433A194EB360A363ECC /* SampleData.swift in Sources */ = {isa = PBXBuildFile; fileRef = 72CD5B8B4F5397AFA8FB54E6 /* SampleData.swift */; };
		B0DC879A0C243236DDB5CCEE /* DefaultSortingDemoViewController.swift in Sources */ = {isa = PBXBuildFile; fileRef = 684BD65A57D63A5BD689DBEF /* DefaultSortingDemoViewController.swift */; };
		C11B4E7380F0317038C2239F /* RowHeightAndWrapDemoViewController.swift in Sources */ = {isa = PBXBuildFile; fileRef = BE69775D8428AA83F1805778 /* RowHeightAndWrapDemoViewController.swift */; };
		D0709A708F467DC8588E9CC8 /* HeightsCustomizationDemoViewController.swift in Sources */ = {isa = PBXBuildFile; fileRef = 44A61E72752C83EDAF8102AC /* HeightsCustomizationDemoViewController.swift */; };
		E234B0C2231353BF009FC712 /* SwiftDataTables.h in Headers */ = {isa = PBXBuildFile; fileRef = E234B0C0231353BF009FC712 /* SwiftDataTables.h */; settings = {ATTRIBUTES = (Public, ); }; };
		E234B0C5231353BF009FC712 /* SwiftDataTables.framework in Frameworks */ = {isa = PBXBuildFile; fileRef = E234B0BE231353BF009FC712 /* SwiftDataTables.framework */; };
		E234B0C6231353BF009FC712 /* SwiftDataTables.framework in Embed Frameworks */ = {isa = PBXBuildFile; fileRef = E234B0BE231353BF009FC712 /* SwiftDataTables.framework */; settings = {ATTRIBUTES = (CodeSignOnCopy, RemoveHeadersOnCopy, ); }; };
		E234B0CB231353C8009FC712 /* SwiftDataTables.bundle in Resources */ = {isa = PBXBuildFile; fileRef = 0583155E2224644B004B4478 /* SwiftDataTables.bundle */; };
		E234B0CC231353CE009FC712 /* DataTableSearchTextField.swift in Sources */ = {isa = PBXBuildFile; fileRef = 058315692224644B004B4478 /* DataTableSearchTextField.swift */; };
		E234B0CD231353CE009FC712 /* SwiftDataTableLayout.swift in Sources */ = {isa = PBXBuildFile; fileRef = 058315702224644B004B4478 /* SwiftDataTableLayout.swift */; };
		E234B0CE231353CE009FC712 /* DataStore.swift in Sources */ = {isa = PBXBuildFile; fileRef = 058315742224644B004B4478 /* DataStore.swift */; };
		E234B0CF231353CE009FC712 /* SwiftDataTable.swift in Sources */ = {isa = PBXBuildFile; fileRef = 058315762224644B004B4478 /* SwiftDataTable.swift */; };
		E234B0D0231353DB009FC712 /* DataTableSortType.swift in Sources */ = {isa = PBXBuildFile; fileRef = 058315682224644B004B4478 /* DataTableSortType.swift */; };
		E234B0D1231353DB009FC712 /* DataTableConfiguration.swift in Sources */ = {isa = PBXBuildFile; fileRef = 0583156A2224644B004B4478 /* DataTableConfiguration.swift */; };
		E3A1C0A2D4F04B2A9B5CF000 /* DataTableAnimation.swift in Sources */ = {isa = PBXBuildFile; fileRef = E3A1C0A1D4F04B2A9B5CF000 /* DataTableAnimation.swift */; };
		E234B0D2231353DB009FC712 /* DataTableValueType.swift in Sources */ = {isa = PBXBuildFile; fileRef = 058315752224644B004B4478 /* DataTableValueType.swift */; };
		E234B0D3231353DB009FC712 /* DataStructureModel.swift in Sources */ = {isa = PBXBuildFile; fileRef = 058315812224644B004B4478 /* DataStructureModel.swift */; };
		E234B0D4231353DB009FC712 /* DataTableFixedColumnType.swift in Sources */ = {isa = PBXBuildFile; fileRef = 05D66E7722B980C6003004D9 /* DataTableFixedColumnType.swift */; };
		E234B0D5231353EA009FC712 /* PaginationHeaderViewModel.swift in Sources */ = {isa = PBXBuildFile; fileRef = 058315612224644B004B4478 /* PaginationHeaderViewModel.swift */; };
		E234B0D7231353EA009FC712 /* PaginationHeader.swift in Sources */ = {isa = PBXBuildFile; fileRef = 058315632224644B004B4478 /* PaginationHeader.swift */; };
		E234B0D9231353F0009FC712 /* MenuLengthHeader.swift in Sources */ = {isa = PBXBuildFile; fileRef = 058315662224644B004B4478 /* MenuLengthHeader.swift */; };
		E234B0DA231353F0009FC712 /* MenuLengthHeaderViewModel.swift in Sources */ = {isa = PBXBuildFile; fileRef = 058315672224644B004B4478 /* MenuLengthHeaderViewModel.swift */; };
		E234B0DB231353F6009FC712 /* DataCellViewModel.swift in Sources */ = {isa = PBXBuildFile; fileRef = 0583156C2224644B004B4478 /* DataCellViewModel.swift */; };
		E234B0DC231353F6009FC712 /* DataCellLayoutAttributes.swift in Sources */ = {isa = PBXBuildFile; fileRef = 0583156D2224644B004B4478 /* DataCellLayoutAttributes.swift */; };
		E234B0DE231353F6009FC712 /* DataCell.swift in Sources */ = {isa = PBXBuildFile; fileRef = 0583156F2224644B004B4478 /* DataCell.swift */; };
		E234B0DF231353F9009FC712 /* SwiftDataTable+Extensions.swift in Sources */ = {isa = PBXBuildFile; fileRef = 058315722224644B004B4478 /* SwiftDataTable+Extensions.swift */; };
		E234B0E0231353FE009FC712 /* DataTableSortable.swift in Sources */ = {isa = PBXBuildFile; fileRef = 058315732224644B004B4478 /* DataTableSortable.swift */; };
		E234B0E223135406009FC712 /* DataHeaderFooterViewModel.swift in Sources */ = {isa = PBXBuildFile; fileRef = 0583157F2224644B004B4478 /* DataHeaderFooterViewModel.swift */; };
		E234B0E323135406009FC712 /* DataHeaderFooter.swift in Sources */ = {isa = PBXBuildFile; fileRef = 058315802224644B004B4478 /* DataHeaderFooter.swift */; };
		E234B0E523135425009FC712 /* VirtualPositionTrackable.swift in Sources */ = {isa = PBXBuildFile; fileRef = 058315782224644B004B4478 /* VirtualPositionTrackable.swift */; };
		E234B0E623135425009FC712 /* CollectionViewCellRepresentable.swift in Sources */ = {isa = PBXBuildFile; fileRef = 058315792224644B004B4478 /* CollectionViewCellRepresentable.swift */; };
		E234B0E723135425009FC712 /* DataCellRowRepresentable.swift in Sources */ = {isa = PBXBuildFile; fileRef = 0583157A2224644B004B4478 /* DataCellRowRepresentable.swift */; };
		E234B0E823135425009FC712 /* SwiftDataTableDataSourceAndDelegate.swift in Sources */ = {isa = PBXBuildFile; fileRef = 0583157B2224644B004B4478 /* SwiftDataTableDataSourceAndDelegate.swift */; };
		E234B0E923135425009FC712 /* CollectionViewSupplementaryElementRepresentable.swift in Sources */ = {isa = PBXBuildFile; fileRef = 0583157C2224644B004B4478 /* CollectionViewSupplementaryElementRepresentable.swift */; };
		EC9758B64CC91CE10F51166E /* SortArrowStylingDemoViewController.swift in Sources */ = {isa = PBXBuildFile; fileRef = 5443FA255521AB23D374110B /* SortArrowStylingDemoViewController.swift */; };
/* End PBXBuildFile section */

/* Begin PBXContainerItemProxy section */
		05D66E7122B94942003004D9 /* PBXContainerItemProxy */ = {
			isa = PBXContainerItemProxy;
			containerPortal = 607FACC81AFB9204008FA782 /* Project object */;
			proxyType = 1;
			remoteGlobalIDString = 607FACCF1AFB9204008FA782;
			remoteInfo = SwiftDataTables_Example;
		};
		E234B0C3231353BF009FC712 /* PBXContainerItemProxy */ = {
			isa = PBXContainerItemProxy;
			containerPortal = 607FACC81AFB9204008FA782 /* Project object */;
			proxyType = 1;
			remoteGlobalIDString = E234B0BD231353BF009FC712;
			remoteInfo = SwiftDataTables;
		};
/* End PBXContainerItemProxy section */

/* Begin PBXCopyFilesBuildPhase section */
		E234B0CA231353BF009FC712 /* Embed Frameworks */ = {
			isa = PBXCopyFilesBuildPhase;
			buildActionMask = 2147483647;
			dstPath = "";
			dstSubfolderSpec = 10;
			files = (
				E234B0C6231353BF009FC712 /* SwiftDataTables.framework in Embed Frameworks */,
			);
			name = "Embed Frameworks";
			runOnlyForDeploymentPostprocessing = 0;
		};
/* End PBXCopyFilesBuildPhase section */

/* Begin PBXFileReference section */
		0583155E2224644B004B4478 /* SwiftDataTables.bundle */ = {isa = PBXFileReference; lastKnownFileType = "wrapper.plug-in"; path = SwiftDataTables.bundle; sourceTree = "<group>"; };
		058315612224644B004B4478 /* PaginationHeaderViewModel.swift */ = {isa = PBXFileReference; fileEncoding = 4; lastKnownFileType = sourcecode.swift; path = PaginationHeaderViewModel.swift; sourceTree = "<group>"; };
		058315632224644B004B4478 /* PaginationHeader.swift */ = {isa = PBXFileReference; fileEncoding = 4; lastKnownFileType = sourcecode.swift; path = PaginationHeader.swift; sourceTree = "<group>"; };
		058315662224644B004B4478 /* MenuLengthHeader.swift */ = {isa = PBXFileReference; fileEncoding = 4; lastKnownFileType = sourcecode.swift; path = MenuLengthHeader.swift; sourceTree = "<group>"; };
		058315672224644B004B4478 /* MenuLengthHeaderViewModel.swift */ = {isa = PBXFileReference; fileEncoding = 4; lastKnownFileType = sourcecode.swift; path = MenuLengthHeaderViewModel.swift; sourceTree = "<group>"; };
		058315682224644B004B4478 /* DataTableSortType.swift */ = {isa = PBXFileReference; fileEncoding = 4; lastKnownFileType = sourcecode.swift; path = DataTableSortType.swift; sourceTree = "<group>"; };
		058315692224644B004B4478 /* DataTableSearchTextField.swift */ = {isa = PBXFileReference; fileEncoding = 4; lastKnownFileType = sourcecode.swift; path = DataTableSearchTextField.swift; sourceTree = "<group>"; };
		0583156A2224644B004B4478 /* DataTableConfiguration.swift */ = {isa = PBXFileReference; fileEncoding = 4; lastKnownFileType = sourcecode.swift; path = DataTableConfiguration.swift; sourceTree = "<group>"; };
		E3A1C0A1D4F04B2A9B5CF000 /* DataTableAnimation.swift */ = {isa = PBXFileReference; fileEncoding = 4; lastKnownFileType = sourcecode.swift; path = DataTableAnimation.swift; sourceTree = "<group>"; };
		0583156C2224644B004B4478 /* DataCellViewModel.swift */ = {isa = PBXFileReference; fileEncoding = 4; lastKnownFileType = sourcecode.swift; path = DataCellViewModel.swift; sourceTree = "<group>"; };
		0583156D2224644B004B4478 /* DataCellLayoutAttributes.swift */ = {isa = PBXFileReference; fileEncoding = 4; lastKnownFileType = sourcecode.swift; path = DataCellLayoutAttributes.swift; sourceTree = "<group>"; };
		0583156F2224644B004B4478 /* DataCell.swift */ = {isa = PBXFileReference; fileEncoding = 4; lastKnownFileType = sourcecode.swift; path = DataCell.swift; sourceTree = "<group>"; };
		058315702224644B004B4478 /* SwiftDataTableLayout.swift */ = {isa = PBXFileReference; fileEncoding = 4; lastKnownFileType = sourcecode.swift; path = SwiftDataTableLayout.swift; sourceTree = "<group>"; };
		058315722224644B004B4478 /* SwiftDataTable+Extensions.swift */ = {isa = PBXFileReference; fileEncoding = 4; lastKnownFileType = sourcecode.swift; path = "SwiftDataTable+Extensions.swift"; sourceTree = "<group>"; };
		058315732224644B004B4478 /* DataTableSortable.swift */ = {isa = PBXFileReference; fileEncoding = 4; lastKnownFileType = sourcecode.swift; path = DataTableSortable.swift; sourceTree = "<group>"; };
		058315742224644B004B4478 /* DataStore.swift */ = {isa = PBXFileReference; fileEncoding = 4; lastKnownFileType = sourcecode.swift; path = DataStore.swift; sourceTree = "<group>"; };
		058315752224644B004B4478 /* DataTableValueType.swift */ = {isa = PBXFileReference; fileEncoding = 4; lastKnownFileType = sourcecode.swift; path = DataTableValueType.swift; sourceTree = "<group>"; };
		058315762224644B004B4478 /* SwiftDataTable.swift */ = {isa = PBXFileReference; fileEncoding = 4; lastKnownFileType = sourcecode.swift; path = SwiftDataTable.swift; sourceTree = "<group>"; };
		058315782224644B004B4478 /* VirtualPositionTrackable.swift */ = {isa = PBXFileReference; fileEncoding = 4; lastKnownFileType = sourcecode.swift; path = VirtualPositionTrackable.swift; sourceTree = "<group>"; };
		058315792224644B004B4478 /* CollectionViewCellRepresentable.swift */ = {isa = PBXFileReference; fileEncoding = 4; lastKnownFileType = sourcecode.swift; path = CollectionViewCellRepresentable.swift; sourceTree = "<group>"; };
		0583157A2224644B004B4478 /* DataCellRowRepresentable.swift */ = {isa = PBXFileReference; fileEncoding = 4; lastKnownFileType = sourcecode.swift; path = DataCellRowRepresentable.swift; sourceTree = "<group>"; };
		0583157B2224644B004B4478 /* SwiftDataTableDataSourceAndDelegate.swift */ = {isa = PBXFileReference; fileEncoding = 4; lastKnownFileType = sourcecode.swift; path = SwiftDataTableDataSourceAndDelegate.swift; sourceTree = "<group>"; };
		0583157C2224644B004B4478 /* CollectionViewSupplementaryElementRepresentable.swift */ = {isa = PBXFileReference; fileEncoding = 4; lastKnownFileType = sourcecode.swift; name = CollectionViewSupplementaryElementRepresentable.swift; path = ../Protocols/CollectionViewSupplementaryElementRepresentable.swift; sourceTree = "<group>"; };
		0583157F2224644B004B4478 /* DataHeaderFooterViewModel.swift */ = {isa = PBXFileReference; fileEncoding = 4; lastKnownFileType = sourcecode.swift; path = DataHeaderFooterViewModel.swift; sourceTree = "<group>"; };
		058315802224644B004B4478 /* DataHeaderFooter.swift */ = {isa = PBXFileReference; fileEncoding = 4; lastKnownFileType = sourcecode.swift; path = DataHeaderFooter.swift; sourceTree = "<group>"; };
		058315812224644B004B4478 /* DataStructureModel.swift */ = {isa = PBXFileReference; fileEncoding = 4; lastKnownFileType = sourcecode.swift; path = DataStructureModel.swift; sourceTree = "<group>"; };
		058D4BB21E953FDD002A2DC9 /* SwiftDataTables_Example-Bridging-Header.h */ = {isa = PBXFileReference; lastKnownFileType = sourcecode.c.h; path = "SwiftDataTables_Example-Bridging-Header.h"; sourceTree = "<group>"; };
		05D66E6C22B94942003004D9 /* SwiftDataTablesTests.xctest */ = {isa = PBXFileReference; explicitFileType = wrapper.cfbundle; includeInIndex = 0; path = SwiftDataTablesTests.xctest; sourceTree = BUILT_PRODUCTS_DIR; };
		05D66E6E22B94942003004D9 /* SwiftDataTablesTests.swift */ = {isa = PBXFileReference; lastKnownFileType = sourcecode.swift; path = SwiftDataTablesTests.swift; sourceTree = "<group>"; };
		E3A1C0A3D4F04B2A9B5CF000 /* SwiftDataTableIncrementalUpdatesTests.swift */ = {isa = PBXFileReference; lastKnownFileType = sourcecode.swift; path = SwiftDataTableIncrementalUpdatesTests.swift; sourceTree = "<group>"; };
		05D66E7022B94942003004D9 /* Info.plist */ = {isa = PBXFileReference; lastKnownFileType = text.plist.xml; path = Info.plist; sourceTree = "<group>"; };
		05D66E7722B980C6003004D9 /* DataTableFixedColumnType.swift */ = {isa = PBXFileReference; lastKnownFileType = sourcecode.swift; path = DataTableFixedColumnType.swift; sourceTree = "<group>"; };
		E3A1C0A5D4F04B2A9B5CF000 /* IncrementalUpdatesDemoViewController.swift */ = {isa = PBXFileReference; lastKnownFileType = sourcecode.swift; path = IncrementalUpdatesDemoViewController.swift; sourceTree = "<group>"; };
		05D66E7922B981D0003004D9 /* DataTableFixedColumnTypeTests.swift */ = {isa = PBXFileReference; lastKnownFileType = sourcecode.swift; path = DataTableFixedColumnTypeTests.swift; sourceTree = "<group>"; };
		1020EABCA27B4494A44CFC0C /* SwiftDataTableCustomCellProviderTests.swift */ = {isa = PBXFileReference; lastKnownFileType = sourcecode.swift; path = SwiftDataTableCustomCellProviderTests.swift; sourceTree = "<group>"; };
		10B32554DB4F47F48EFFB578 /* SwiftDataTableColumnWidthProviderTests.swift */ = {isa = PBXFileReference; lastKnownFileType = sourcecode.swift; path = SwiftDataTableColumnWidthProviderTests.swift; sourceTree = "<group>"; };
		1AE823D2F468F8A5CDB0F01B /* Images.xcassets */ = {isa = PBXFileReference; includeInIndex = 1; lastKnownFileType = folder.assetcatalog; path = Images.xcassets; sourceTree = "<group>"; };
		3D628162AC35FCB107FE21B1 /* PerformanceDemoViewController.swift */ = {isa = PBXFileReference; includeInIndex = 1; lastKnownFileType = sourcecode.swift; path = PerformanceDemoViewController.swift; sourceTree = "<group>"; };
		36595E1F6E6F4693963BFC0C /* DataStructureModelColumnWidthTests.swift */ = {isa = PBXFileReference; lastKnownFileType = sourcecode.swift; path = DataStructureModelColumnWidthTests.swift; sourceTree = "<group>"; };
		44A61E72752C83EDAF8102AC /* HeightsCustomizationDemoViewController.swift */ = {isa = PBXFileReference; includeInIndex = 1; lastKnownFileType = sourcecode.swift; path = HeightsCustomizationDemoViewController.swift; sourceTree = "<group>"; };
		50FA0163CB78B87F273FF057 /* DataTableWithDataSourceViewController.swift */ = {isa = PBXFileReference; includeInIndex = 1; lastKnownFileType = sourcecode.swift; path = DataTableWithDataSourceViewController.swift; sourceTree = "<group>"; };
		53934DF0C205DE2E6367E26B /* GenericDataTableViewController.swift */ = {isa = PBXFileReference; includeInIndex = 1; lastKnownFileType = sourcecode.swift; path = GenericDataTableViewController.swift; sourceTree = "<group>"; };
		5443FA255521AB23D374110B /* SortArrowStylingDemoViewController.swift */ = {isa = PBXFileReference; includeInIndex = 1; lastKnownFileType = sourcecode.swift; path = SortArrowStylingDemoViewController.swift; sourceTree = "<group>"; };
		54F368F7D5974B7E82474AE0 /* DataTableValueTypeTests.swift */ = {isa = PBXFileReference; lastKnownFileType = sourcecode.swift; path = DataTableValueTypeTests.swift; sourceTree = "<group>"; };
		607FACD01AFB9204008FA782 /* SwiftDataTables_Example.app */ = {isa = PBXFileReference; explicitFileType = wrapper.application; includeInIndex = 0; path = SwiftDataTables_Example.app; sourceTree = BUILT_PRODUCTS_DIR; };
		607FACDF1AFB9204008FA782 /* Base */ = {isa = PBXFileReference; lastKnownFileType = file.xib; name = Base; path = Base.lproj/LaunchScreen.xib; sourceTree = "<group>"; };
		62CECB5DF8834B8EA8ED0A71 /* DataTableSortTypeTests.swift */ = {isa = PBXFileReference; lastKnownFileType = sourcecode.swift; path = DataTableSortTypeTests.swift; sourceTree = "<group>"; };
		63750EB6BF834D33DA1E68C4 /* ShowHideElementsDemoViewController.swift */ = {isa = PBXFileReference; includeInIndex = 1; lastKnownFileType = sourcecode.swift; path = ShowHideElementsDemoViewController.swift; sourceTree = "<group>"; };
		684BD65A57D63A5BD689DBEF /* DefaultSortingDemoViewController.swift */ = {isa = PBXFileReference; includeInIndex = 1; lastKnownFileType = sourcecode.swift; path = DefaultSortingDemoViewController.swift; sourceTree = "<group>"; };
		6D536EABE47910826744437E /* ColumnWidthStrategyDemoViewController.swift */ = {isa = PBXFileReference; includeInIndex = 1; lastKnownFileType = sourcecode.swift; path = ColumnWidthStrategyDemoViewController.swift; sourceTree = "<group>"; };
		6AE3A46369A2424599009AA9 /* DataTableConfigurationTests.swift */ = {isa = PBXFileReference; lastKnownFileType = sourcecode.swift; path = DataTableConfigurationTests.swift; sourceTree = "<group>"; };
		6DEA41AD92EDA3A9A70B70E4 /* MenuTableViewController.swift */ = {isa = PBXFileReference; includeInIndex = 1; lastKnownFileType = sourcecode.swift; path = MenuTableViewController.swift; sourceTree = "<group>"; };
		72CD5B8B4F5397AFA8FB54E6 /* SampleData.swift */ = {isa = PBXFileReference; includeInIndex = 1; lastKnownFileType = sourcecode.swift; path = SampleData.swift; sourceTree = "<group>"; };
		7F45F07BF618B454A64B68AF /* DataTableWithDataSetViewController.swift */ = {isa = PBXFileReference; includeInIndex = 1; lastKnownFileType = sourcecode.swift; path = DataTableWithDataSetViewController.swift; sourceTree = "<group>"; };
		867B9050B4C5F96248C00DB5 /* RowSelectionDemoViewController.swift */ = {isa = PBXFileReference; includeInIndex = 1; lastKnownFileType = sourcecode.swift; path = RowSelectionDemoViewController.swift; sourceTree = "<group>"; };
		9299816831254E94AAAE03A8 /* SwiftDataTableRowHeightTests.swift */ = {isa = PBXFileReference; lastKnownFileType = sourcecode.swift; path = SwiftDataTableRowHeightTests.swift; sourceTree = "<group>"; };
		97538D4EDA2BA75CF0EDD1E9 /* FixedColumnsDemoViewController.swift */ = {isa = PBXFileReference; includeInIndex = 1; lastKnownFileType = sourcecode.swift; path = FixedColumnsDemoViewController.swift; sourceTree = "<group>"; };
		9D4C8CD782CF4B0E89DC3A68 /* DataCellTextLayoutTests.swift */ = {isa = PBXFileReference; lastKnownFileType = sourcecode.swift; path = DataCellTextLayoutTests.swift; sourceTree = "<group>"; };
		9CD312ABF7F23D160BFC21A7 /* Info.plist */ = {isa = PBXFileReference; includeInIndex = 1; lastKnownFileType = text.plist.xml; path = Info.plist; sourceTree = "<group>"; };
		A3E40CA4B13B7CC3A40A6811 /* DataTableColumnWidthStrategy.swift */ = {isa = PBXFileReference; includeInIndex = 1; lastKnownFileType = sourcecode.swift; path = DataTableColumnWidthStrategy.swift; sourceTree = "<group>"; };
		BE69775D8428AA83F1805778 /* RowHeightAndWrapDemoViewController.swift */ = {isa = PBXFileReference; includeInIndex = 1; lastKnownFileType = sourcecode.swift; path = RowHeightAndWrapDemoViewController.swift; sourceTree = "<group>"; };
		E0AABA490CE9485AAB039BE8 /* SwiftDataTableSearchControllerTests.swift */ = {isa = PBXFileReference; lastKnownFileType = sourcecode.swift; path = SwiftDataTableSearchControllerTests.swift; sourceTree = "<group>"; };
		FAE8EDD24DB1434EAA47295C /* SwiftDataTableAutoLayoutColumnWidthTests.swift */ = {isa = PBXFileReference; lastKnownFileType = sourcecode.swift; path = SwiftDataTableAutoLayoutColumnWidthTests.swift; sourceTree = "<group>"; };
		5BE43DBB53744CC9BF20F6F7 /* DataHeaderFooterViewModelTests.swift */ = {isa = PBXFileReference; lastKnownFileType = sourcecode.swift; path = DataHeaderFooterViewModelTests.swift; sourceTree = "<group>"; };
		DD5020E2161572C7C541358C /* FloatingElementsDemoViewController.swift */ = {isa = PBXFileReference; includeInIndex = 1; lastKnownFileType = sourcecode.swift; path = FloatingElementsDemoViewController.swift; sourceTree = "<group>"; };
		E234B0BE231353BF009FC712 /* SwiftDataTables.framework */ = {isa = PBXFileReference; explicitFileType = wrapper.framework; includeInIndex = 0; path = SwiftDataTables.framework; sourceTree = BUILT_PRODUCTS_DIR; };
		E234B0C0231353BF009FC712 /* SwiftDataTables.h */ = {isa = PBXFileReference; lastKnownFileType = sourcecode.c.h; path = SwiftDataTables.h; sourceTree = "<group>"; };
		E234B0C1231353BF009FC712 /* Info.plist */ = {isa = PBXFileReference; lastKnownFileType = text.plist.xml; path = Info.plist; sourceTree = "<group>"; };
		EBF95C3EF2BDC5AD6405D7B7 /* CustomCellsAutoHeightDemoViewController.swift */ = {isa = PBXFileReference; includeInIndex = 1; lastKnownFileType = sourcecode.swift; path = CustomCellsAutoHeightDemoViewController.swift; sourceTree = "<group>"; };
		F62EF41EF8632BE5568D5721 /* AppDelegate.swift */ = {isa = PBXFileReference; includeInIndex = 1; lastKnownFileType = sourcecode.swift; path = AppDelegate.swift; sourceTree = "<group>"; };
		FC117146EA940B0FE8FE80A8 /* NativeSearchDemoViewController.swift */ = {isa = PBXFileReference; includeInIndex = 1; lastKnownFileType = sourcecode.swift; path = NativeSearchDemoViewController.swift; sourceTree = "<group>"; };
/* End PBXFileReference section */

/* Begin PBXFrameworksBuildPhase section */
		05D66E6922B94942003004D9 /* Frameworks */ = {
			isa = PBXFrameworksBuildPhase;
			buildActionMask = 2147483647;
			files = (
			);
			runOnlyForDeploymentPostprocessing = 0;
		};
		607FACCD1AFB9204008FA782 /* Frameworks */ = {
			isa = PBXFrameworksBuildPhase;
			buildActionMask = 2147483647;
			files = (
				E234B0C5231353BF009FC712 /* SwiftDataTables.framework in Frameworks */,
			);
			runOnlyForDeploymentPostprocessing = 0;
		};
		E234B0BB231353BF009FC712 /* Frameworks */ = {
			isa = PBXFrameworksBuildPhase;
			buildActionMask = 2147483647;
			files = (
			);
			runOnlyForDeploymentPostprocessing = 0;
		};
/* End PBXFrameworksBuildPhase section */

/* Begin PBXGroup section */
		0583155D2224644B004B4478 /* SwiftDataTables */ = {
			isa = PBXGroup;
			children = (
				0583155E2224644B004B4478 /* SwiftDataTables.bundle */,
				0583155F2224644B004B4478 /* Classes */,
			);
			name = SwiftDataTables;
			path = ../../SwiftDataTables;
			sourceTree = "<group>";
		};
		0583155F2224644B004B4478 /* Classes */ = {
			isa = PBXGroup;
			children = (
				058315742224644B004B4478 /* DataStore.swift */,
				058315692224644B004B4478 /* DataTableSearchTextField.swift */,
				058315762224644B004B4478 /* SwiftDataTable.swift */,
				058315702224644B004B4478 /* SwiftDataTableLayout.swift */,
				05F1892F236F9C5400CAA218 /* Cells */,
				058315712224644B004B4478 /* Extensions */,
				05D66E7622B98083003004D9 /* Models */,
				058315772224644B004B4478 /* Protocols */,
			);
			path = Classes;
			sourceTree = "<group>";
		};
		058315602224644B004B4478 /* PaginationHeader */ = {
			isa = PBXGroup;
			children = (
				058315612224644B004B4478 /* PaginationHeaderViewModel.swift */,
				058315632224644B004B4478 /* PaginationHeader.swift */,
			);
			path = PaginationHeader;
			sourceTree = "<group>";
		};
		058315642224644B004B4478 /* MenuLengthHeader */ = {
			isa = PBXGroup;
			children = (
				058315662224644B004B4478 /* MenuLengthHeader.swift */,
				058315672224644B004B4478 /* MenuLengthHeaderViewModel.swift */,
			);
			path = MenuLengthHeader;
			sourceTree = "<group>";
		};
		0583156B2224644B004B4478 /* DataCell */ = {
			isa = PBXGroup;
			children = (
				0583156C2224644B004B4478 /* DataCellViewModel.swift */,
				0583156D2224644B004B4478 /* DataCellLayoutAttributes.swift */,
				0583156F2224644B004B4478 /* DataCell.swift */,
			);
			path = DataCell;
			sourceTree = "<group>";
		};
		058315712224644B004B4478 /* Extensions */ = {
			isa = PBXGroup;
			children = (
				058315722224644B004B4478 /* SwiftDataTable+Extensions.swift */,
			);
			path = Extensions;
			sourceTree = "<group>";
		};
		058315772224644B004B4478 /* Protocols */ = {
			isa = PBXGroup;
			children = (
				058315732224644B004B4478 /* DataTableSortable.swift */,
				058315782224644B004B4478 /* VirtualPositionTrackable.swift */,
				058315792224644B004B4478 /* CollectionViewCellRepresentable.swift */,
				0583157A2224644B004B4478 /* DataCellRowRepresentable.swift */,
				0583157B2224644B004B4478 /* SwiftDataTableDataSourceAndDelegate.swift */,
			);
			path = Protocols;
			sourceTree = "<group>";
		};
		0583157D2224644B004B4478 /* HeaderFooter */ = {
			isa = PBXGroup;
			children = (
				0583157F2224644B004B4478 /* DataHeaderFooterViewModel.swift */,
				058315802224644B004B4478 /* DataHeaderFooter.swift */,
			);
			path = HeaderFooter;
			sourceTree = "<group>";
		};
			05D66E6D22B94942003004D9 /* SwiftDataTablesTests */ = {
				isa = PBXGroup;
				children = (
					05D66E6E22B94942003004D9 /* SwiftDataTablesTests.swift */,
					6AE3A46369A2424599009AA9 /* DataTableConfigurationTests.swift */,
					9D4C8CD782CF4B0E89DC3A68 /* DataCellTextLayoutTests.swift */,
				5BE43DBB53744CC9BF20F6F7 /* DataHeaderFooterViewModelTests.swift */,
				36595E1F6E6F4693963BFC0C /* DataStructureModelColumnWidthTests.swift */,
				05D66E7922B981D0003004D9 /* DataTableFixedColumnTypeTests.swift */,
				62CECB5DF8834B8EA8ED0A71 /* DataTableSortTypeTests.swift */,
				54F368F7D5974B7E82474AE0 /* DataTableValueTypeTests.swift */,
				FAE8EDD24DB1434EAA47295C /* SwiftDataTableAutoLayoutColumnWidthTests.swift */,
				10B32554DB4F47F48EFFB578 /* SwiftDataTableColumnWidthProviderTests.swift */,
					1020EABCA27B4494A44CFC0C /* SwiftDataTableCustomCellProviderTests.swift */,
					9299816831254E94AAAE03A8 /* SwiftDataTableRowHeightTests.swift */,
					E0AABA490CE9485AAB039BE8 /* SwiftDataTableSearchControllerTests.swift */,
					E3A1C0A3D4F04B2A9B5CF000 /* SwiftDataTableIncrementalUpdatesTests.swift */,
					05D66E7022B94942003004D9 /* Info.plist */,
				);
				path = SwiftDataTablesTests;
				sourceTree = "<group>";
		};
			05D66E7622B98083003004D9 /* Models */ = {
				isa = PBXGroup;
				children = (
					058315682224644B004B4478 /* DataTableSortType.swift */,
					0583156A2224644B004B4478 /* DataTableConfiguration.swift */,
					E3A1C0A1D4F04B2A9B5CF000 /* DataTableAnimation.swift */,
					0583157C2224644B004B4478 /* CollectionViewSupplementaryElementRepresentable.swift */,
					058315752224644B004B4478 /* DataTableValueType.swift */,
					058315812224644B004B4478 /* DataStructureModel.swift */,
				05D66E7722B980C6003004D9 /* DataTableFixedColumnType.swift */,
				A3E40CA4B13B7CC3A40A6811 /* DataTableColumnWidthStrategy.swift */,
			);
			path = Models;
			sourceTree = "<group>";
		};
		05F1892F236F9C5400CAA218 /* Cells */ = {
			isa = PBXGroup;
			children = (
				0583156B2224644B004B4478 /* DataCell */,
				0583157D2224644B004B4478 /* HeaderFooter */,
				058315642224644B004B4478 /* MenuLengthHeader */,
				058315602224644B004B4478 /* PaginationHeader */,
			);
			path = Cells;
			sourceTree = "<group>";
		};
		607FACC71AFB9204008FA782 = {
			isa = PBXGroup;
			children = (
				607FACD21AFB9204008FA782 /* DemoSwiftDataTables */,
				05D66E6D22B94942003004D9 /* SwiftDataTablesTests */,
				E234B0BF231353BF009FC712 /* SwiftDataTables */,
				607FACD11AFB9204008FA782 /* Products */,
			);
			sourceTree = "<group>";
		};
		607FACD11AFB9204008FA782 /* Products */ = {
			isa = PBXGroup;
			children = (
				607FACD01AFB9204008FA782 /* SwiftDataTables_Example.app */,
				05D66E6C22B94942003004D9 /* SwiftDataTablesTests.xctest */,
				E234B0BE231353BF009FC712 /* SwiftDataTables.framework */,
			);
			name = Products;
			sourceTree = "<group>";
		};
		607FACD21AFB9204008FA782 /* DemoSwiftDataTables */ = {
			isa = PBXGroup;
			children = (
				0583155D2224644B004B4478 /* SwiftDataTables */,
				058D4BB21E953FDD002A2DC9 /* SwiftDataTables_Example-Bridging-Header.h */,
				60A71537D13153BEFDD08BCC /* App */,
				A816B1C818BCF2C944625009 /* Demos */,
				B2F45B322D6C47A74A914BEB /* Shared */,
				61EAFBCDE6470BC846F7C7BC /* Resources */,
			);
			path = DemoSwiftDataTables;
			sourceTree = "<group>";
		};
		60A71537D13153BEFDD08BCC /* App */ = {
			isa = PBXGroup;
			children = (
				F62EF41EF8632BE5568D5721 /* AppDelegate.swift */,
				6DEA41AD92EDA3A9A70B70E4 /* MenuTableViewController.swift */,
			);
			path = App;
			sourceTree = "<group>";
		};
		61EAFBCDE6470BC846F7C7BC /* Resources */ = {
			isa = PBXGroup;
			children = (
				1AE823D2F468F8A5CDB0F01B /* Images.xcassets */,
				9CD312ABF7F23D160BFC21A7 /* Info.plist */,
				607FACDE1AFB9204008FA782 /* LaunchScreen.xib */,
			);
			path = Resources;
			sourceTree = "<group>";
		};
			A816B1C818BCF2C944625009 /* Demos */ = {
				isa = PBXGroup;
				children = (
					7F45F07BF618B454A64B68AF /* DataTableWithDataSetViewController.swift */,
					50FA0163CB78B87F273FF057 /* DataTableWithDataSourceViewController.swift */,
					3D628162AC35FCB107FE21B1 /* PerformanceDemoViewController.swift */,
					E3A1C0A5D4F04B2A9B5CF000 /* IncrementalUpdatesDemoViewController.swift */,
					6D536EABE47910826744437E /* ColumnWidthStrategyDemoViewController.swift */,
					BE69775D8428AA83F1805778 /* RowHeightAndWrapDemoViewController.swift */,
					EBF95C3EF2BDC5AD6405D7B7 /* CustomCellsAutoHeightDemoViewController.swift */,
					97538D4EDA2BA75CF0EDD1E9 /* FixedColumnsDemoViewController.swift */,
				63750EB6BF834D33DA1E68C4 /* ShowHideElementsDemoViewController.swift */,
				DD5020E2161572C7C541358C /* FloatingElementsDemoViewController.swift */,
				684BD65A57D63A5BD689DBEF /* DefaultSortingDemoViewController.swift */,
				867B9050B4C5F96248C00DB5 /* RowSelectionDemoViewController.swift */,
				44A61E72752C83EDAF8102AC /* HeightsCustomizationDemoViewController.swift */,
				5443FA255521AB23D374110B /* SortArrowStylingDemoViewController.swift */,
				FC117146EA940B0FE8FE80A8 /* NativeSearchDemoViewController.swift */,
			);
			path = Demos;
			sourceTree = "<group>";
		};
		B2F45B322D6C47A74A914BEB /* Shared */ = {
			isa = PBXGroup;
			children = (
				53934DF0C205DE2E6367E26B /* GenericDataTableViewController.swift */,
				72CD5B8B4F5397AFA8FB54E6 /* SampleData.swift */,
			);
			path = Shared;
			sourceTree = "<group>";
		};
		E234B0BF231353BF009FC712 /* SwiftDataTables */ = {
			isa = PBXGroup;
			children = (
				E234B0C0231353BF009FC712 /* SwiftDataTables.h */,
				E234B0C1231353BF009FC712 /* Info.plist */,
			);
			path = SwiftDataTables;
			sourceTree = "<group>";
		};
/* End PBXGroup section */

/* Begin PBXHeadersBuildPhase section */
		E234B0B9231353BF009FC712 /* Headers */ = {
			isa = PBXHeadersBuildPhase;
			buildActionMask = 2147483647;
			files = (
				E234B0C2231353BF009FC712 /* SwiftDataTables.h in Headers */,
			);
			runOnlyForDeploymentPostprocessing = 0;
		};
/* End PBXHeadersBuildPhase section */

/* Begin PBXNativeTarget section */
		05D66E6B22B94942003004D9 /* SwiftDataTablesTests */ = {
			isa = PBXNativeTarget;
			buildConfigurationList = 05D66E7322B94942003004D9 /* Build configuration list for PBXNativeTarget "SwiftDataTablesTests" */;
			buildPhases = (
				05D66E6822B94942003004D9 /* Sources */,
				05D66E6922B94942003004D9 /* Frameworks */,
				05D66E6A22B94942003004D9 /* Resources */,
			);
			buildRules = (
			);
			dependencies = (
				05D66E7222B94942003004D9 /* PBXTargetDependency */,
			);
			name = SwiftDataTablesTests;
			productName = SwiftDataTablesTests;
			productReference = 05D66E6C22B94942003004D9 /* SwiftDataTablesTests.xctest */;
			productType = "com.apple.product-type.bundle.unit-test";
		};
		607FACCF1AFB9204008FA782 /* SwiftDataTables_Example */ = {
			isa = PBXNativeTarget;
			buildConfigurationList = 607FACEF1AFB9204008FA782 /* Build configuration list for PBXNativeTarget "SwiftDataTables_Example" */;
			buildPhases = (
				607FACCC1AFB9204008FA782 /* Sources */,
				607FACCD1AFB9204008FA782 /* Frameworks */,
				607FACCE1AFB9204008FA782 /* Resources */,
				E234B0CA231353BF009FC712 /* Embed Frameworks */,
			);
			buildRules = (
			);
			dependencies = (
				E234B0C4231353BF009FC712 /* PBXTargetDependency */,
			);
			name = SwiftDataTables_Example;
			productName = SwiftDataTables;
			productReference = 607FACD01AFB9204008FA782 /* SwiftDataTables_Example.app */;
			productType = "com.apple.product-type.application";
		};
		E234B0BD231353BF009FC712 /* SwiftDataTables */ = {
			isa = PBXNativeTarget;
			buildConfigurationList = E234B0C7231353BF009FC712 /* Build configuration list for PBXNativeTarget "SwiftDataTables" */;
			buildPhases = (
				E234B0B9231353BF009FC712 /* Headers */,
				E234B0BA231353BF009FC712 /* Sources */,
				E234B0BB231353BF009FC712 /* Frameworks */,
				E234B0BC231353BF009FC712 /* Resources */,
			);
			buildRules = (
			);
			dependencies = (
			);
			name = SwiftDataTables;
			productName = SwiftDataTables;
			productReference = E234B0BE231353BF009FC712 /* SwiftDataTables.framework */;
			productType = "com.apple.product-type.framework";
		};
/* End PBXNativeTarget section */

/* Begin PBXProject section */
		607FACC81AFB9204008FA782 /* Project object */ = {
			isa = PBXProject;
			attributes = {
				BuildIndependentTargetsInParallel = YES;
				LastSwiftUpdateCheck = 1020;
				LastUpgradeCheck = 2620;
				ORGANIZATIONNAME = CocoaPods;
				TargetAttributes = {
					05D66E6B22B94942003004D9 = {
						CreatedOnToolsVersion = 10.2.1;
						ProvisioningStyle = Automatic;
						TestTargetID = 607FACCF1AFB9204008FA782;
					};
					607FACCF1AFB9204008FA782 = {
						CreatedOnToolsVersion = 6.3.1;
						LastSwiftMigration = 1020;
					};
					E234B0BD231353BF009FC712 = {
						CreatedOnToolsVersion = 10.3;
						ProvisioningStyle = Automatic;
					};
				};
			};
			buildConfigurationList = 607FACCB1AFB9204008FA782 /* Build configuration list for PBXProject "SwiftDataTables" */;
			compatibilityVersion = "Xcode 3.2";
			developmentRegion = en;
			hasScannedForEncodings = 0;
			knownRegions = (
				en,
				Base,
			);
			mainGroup = 607FACC71AFB9204008FA782;
			productRefGroup = 607FACD11AFB9204008FA782 /* Products */;
			projectDirPath = "";
			projectRoot = "";
			targets = (
				607FACCF1AFB9204008FA782 /* SwiftDataTables_Example */,
				05D66E6B22B94942003004D9 /* SwiftDataTablesTests */,
				E234B0BD231353BF009FC712 /* SwiftDataTables */,
			);
		};
/* End PBXProject section */

/* Begin PBXResourcesBuildPhase section */
		05D66E6A22B94942003004D9 /* Resources */ = {
			isa = PBXResourcesBuildPhase;
			buildActionMask = 2147483647;
			files = (
			);
			runOnlyForDeploymentPostprocessing = 0;
		};
		607FACCE1AFB9204008FA782 /* Resources */ = {
			isa = PBXResourcesBuildPhase;
			buildActionMask = 2147483647;
			files = (
				607FACE01AFB9204008FA782 /* LaunchScreen.xib in Resources */,
				301755532C6643B201CCDA1C /* Images.xcassets in Resources */,
			);
			runOnlyForDeploymentPostprocessing = 0;
		};
		E234B0BC231353BF009FC712 /* Resources */ = {
			isa = PBXResourcesBuildPhase;
			buildActionMask = 2147483647;
			files = (
				E234B0CB231353C8009FC712 /* SwiftDataTables.bundle in Resources */,
			);
			runOnlyForDeploymentPostprocessing = 0;
		};
/* End PBXResourcesBuildPhase section */

/* Begin PBXSourcesBuildPhase section */
		05D66E6822B94942003004D9 /* Sources */ = {
			isa = PBXSourcesBuildPhase;
			buildActionMask = 2147483647;
			files = (
				E3A1C0A4D4F04B2A9B5CF000 /* SwiftDataTableIncrementalUpdatesTests.swift in Sources */,
				061375FFFA234C72995ACD7A /* SwiftDataTableColumnWidthProviderTests.swift in Sources */,
				05D66E6F22B94942003004D9 /* SwiftDataTablesTests.swift in Sources */,
				05D66E7A22B981D0003004D9 /* DataTableFixedColumnTypeTests.swift in Sources */,
				3385E372C74D42EEB5E75515 /* SwiftDataTableRowHeightTests.swift in Sources */,
				4B6CE1D9EBE24FCD92532EE7 /* DataStructureModelColumnWidthTests.swift in Sources */,
				5F20F1A8D0684541AED663A8 /* SwiftDataTableAutoLayoutColumnWidthTests.swift in Sources */,
				72AC33FE805C40EA9439CB88 /* DataTableValueTypeTests.swift in Sources */,
				9D8084828EA94A9C80F09409 /* SwiftDataTableSearchControllerTests.swift in Sources */,
				9E5F4A0909D24EB98A88C2BB /* DataTableConfigurationTests.swift in Sources */,
				9F83366AF093470CBC2169C2 /* DataHeaderFooterViewModelTests.swift in Sources */,
				AA87057B6EFE49589EA65361 /* DataTableSortTypeTests.swift in Sources */,
				E13AD41ED82E4B07B24C1177 /* DataCellTextLayoutTests.swift in Sources */,
				EDA24C1E370445C6829E639D /* SwiftDataTableCustomCellProviderTests.swift in Sources */,
			);
			runOnlyForDeploymentPostprocessing = 0;
		};
		607FACCC1AFB9204008FA782 /* Sources */ = {
			isa = PBXSourcesBuildPhase;
			buildActionMask = 2147483647;
			files = (
				6BB376025F415AA919822F89 /* AppDelegate.swift in Sources */,
				2F80D9D4B6C9036A65806CB9 /* MenuTableViewController.swift in Sources */,
				040B58D67039A7D36001D27B /* DataTableWithDataSetViewController.swift in Sources */,
				0225FF8B0BC1111FB183B7B9 /* DataTableWithDataSourceViewController.swift in Sources */,
				E3A1C0A6D4F04B2A9B5CF000 /* IncrementalUpdatesDemoViewController.swift in Sources */,
				89118AC12F34FD8D47AD3911 /* PerformanceDemoViewController.swift in Sources */,
				75149E6B5B643A356AB36026 /* ColumnWidthStrategyDemoViewController.swift in Sources */,
				C11B4E7380F0317038C2239F /* RowHeightAndWrapDemoViewController.swift in Sources */,
				7075D4A7DB74F015D99AEC1A /* CustomCellsAutoHeightDemoViewController.swift in Sources */,
				993B64E5626CAFF4E02D4F40 /* GenericDataTableViewController.swift in Sources */,
				A37FB433A194EB360A363ECC /* SampleData.swift in Sources */,
				68E81A038BEEE72606B5D9D4 /* FixedColumnsDemoViewController.swift in Sources */,
				92C900E4008FA1FD1A9229CF /* ShowHideElementsDemoViewController.swift in Sources */,
				7D00261DFB5D5873FC8DF2D0 /* FloatingElementsDemoViewController.swift in Sources */,
				B0DC879A0C243236DDB5CCEE /* DefaultSortingDemoViewController.swift in Sources */,
				A12D53A3A13A1C331AF1D3DD /* RowSelectionDemoViewController.swift in Sources */,
				D0709A708F467DC8588E9CC8 /* HeightsCustomizationDemoViewController.swift in Sources */,
				EC9758B64CC91CE10F51166E /* SortArrowStylingDemoViewController.swift in Sources */,
				53C8B0EA943EB478F7CE2C96 /* NativeSearchDemoViewController.swift in Sources */,
			);
			runOnlyForDeploymentPostprocessing = 0;
		};
		E234B0BA231353BF009FC712 /* Sources */ = {
			isa = PBXSourcesBuildPhase;
			buildActionMask = 2147483647;
			files = (
				E234B0E0231353FE009FC712 /* DataTableSortable.swift in Sources */,
				E234B0DA231353F0009FC712 /* MenuLengthHeaderViewModel.swift in Sources */,
				E234B0D0231353DB009FC712 /* DataTableSortType.swift in Sources */,
				E3A1C0A2D4F04B2A9B5CF000 /* DataTableAnimation.swift in Sources */,
				E234B0E623135425009FC712 /* CollectionViewCellRepresentable.swift in Sources */,
				E234B0E823135425009FC712 /* SwiftDataTableDataSourceAndDelegate.swift in Sources */,
				E234B0DC231353F6009FC712 /* DataCellLayoutAttributes.swift in Sources */,
				E234B0DE231353F6009FC712 /* DataCell.swift in Sources */,
				E234B0E523135425009FC712 /* VirtualPositionTrackable.swift in Sources */,
				E234B0D5231353EA009FC712 /* PaginationHeaderViewModel.swift in Sources */,
				E234B0E923135425009FC712 /* CollectionViewSupplementaryElementRepresentable.swift in Sources */,
				E234B0E223135406009FC712 /* DataHeaderFooterViewModel.swift in Sources */,
				E234B0D2231353DB009FC712 /* DataTableValueType.swift in Sources */,
				E234B0CD231353CE009FC712 /* SwiftDataTableLayout.swift in Sources */,
				E234B0D4231353DB009FC712 /* DataTableFixedColumnType.swift in Sources */,
				E234B0D7231353EA009FC712 /* PaginationHeader.swift in Sources */,
				E234B0CE231353CE009FC712 /* DataStore.swift in Sources */,
				E234B0E723135425009FC712 /* DataCellRowRepresentable.swift in Sources */,
				E234B0D1231353DB009FC712 /* DataTableConfiguration.swift in Sources */,
				E234B0CF231353CE009FC712 /* SwiftDataTable.swift in Sources */,
				E234B0DB231353F6009FC712 /* DataCellViewModel.swift in Sources */,
				E234B0E323135406009FC712 /* DataHeaderFooter.swift in Sources */,
				E234B0D9231353F0009FC712 /* MenuLengthHeader.swift in Sources */,
				E234B0DF231353F9009FC712 /* SwiftDataTable+Extensions.swift in Sources */,
				E234B0CC231353CE009FC712 /* DataTableSearchTextField.swift in Sources */,
				E234B0D3231353DB009FC712 /* DataStructureModel.swift in Sources */,
				5ACBD0C6A6B48FE8379B74F6 /* DataTableColumnWidthStrategy.swift in Sources */,
			);
			runOnlyForDeploymentPostprocessing = 0;
		};
/* End PBXSourcesBuildPhase section */

/* Begin PBXTargetDependency section */
		05D66E7222B94942003004D9 /* PBXTargetDependency */ = {
			isa = PBXTargetDependency;
			target = 607FACCF1AFB9204008FA782 /* SwiftDataTables_Example */;
			targetProxy = 05D66E7122B94942003004D9 /* PBXContainerItemProxy */;
		};
		E234B0C4231353BF009FC712 /* PBXTargetDependency */ = {
			isa = PBXTargetDependency;
			target = E234B0BD231353BF009FC712 /* SwiftDataTables */;
			targetProxy = E234B0C3231353BF009FC712 /* PBXContainerItemProxy */;
		};
/* End PBXTargetDependency section */

/* Begin PBXVariantGroup section */
		607FACDE1AFB9204008FA782 /* LaunchScreen.xib */ = {
			isa = PBXVariantGroup;
			children = (
				607FACDF1AFB9204008FA782 /* Base */,
			);
			name = LaunchScreen.xib;
			sourceTree = "<group>";
		};
/* End PBXVariantGroup section */

/* Begin XCBuildConfiguration section */
		05D66E7422B94942003004D9 /* Debug */ = {
			isa = XCBuildConfiguration;
			buildSettings = {
				BUNDLE_LOADER = "$(TEST_HOST)";
				CLANG_ANALYZER_NONNULL = YES;
				CLANG_ANALYZER_NUMBER_OBJECT_CONVERSION = YES_AGGRESSIVE;
				CLANG_CXX_LANGUAGE_STANDARD = "gnu++14";
				CLANG_ENABLE_OBJC_WEAK = YES;
				CLANG_WARN_DOCUMENTATION_COMMENTS = YES;
				CLANG_WARN_UNGUARDED_AVAILABILITY = YES_AGGRESSIVE;
				CODE_SIGN_IDENTITY = "iPhone Developer";
				CODE_SIGN_STYLE = Automatic;
				DEBUG_INFORMATION_FORMAT = dwarf;
				DEVELOPMENT_TEAM = R85C7FUGTC;
				GCC_C_LANGUAGE_STANDARD = gnu11;
				INFOPLIST_FILE = SwiftDataTablesTests/Info.plist;
				IPHONEOS_DEPLOYMENT_TARGET = 17.0;
				LD_RUNPATH_SEARCH_PATHS = (
					"$(inherited)",
					"@executable_path/Frameworks",
					"@loader_path/Frameworks",
				);
				MTL_ENABLE_DEBUG_INFO = INCLUDE_SOURCE;
				MTL_FAST_MATH = YES;
				PRODUCT_BUNDLE_IDENTIFIER = com.pavankataria.SwiftDataTablesTests;
				PRODUCT_NAME = "$(TARGET_NAME)";
				SWIFT_ACTIVE_COMPILATION_CONDITIONS = DEBUG;
				SWIFT_STRICT_CONCURRENCY = complete;
				SWIFT_VERSION = 5.0;
				TARGETED_DEVICE_FAMILY = "1,2";
				TEST_HOST = "$(BUILT_PRODUCTS_DIR)/SwiftDataTables_Example.app/SwiftDataTables_Example";
			};
			name = Debug;
		};
		05D66E7522B94942003004D9 /* Release */ = {
			isa = XCBuildConfiguration;
			buildSettings = {
				BUNDLE_LOADER = "$(TEST_HOST)";
				CLANG_ANALYZER_NONNULL = YES;
				CLANG_ANALYZER_NUMBER_OBJECT_CONVERSION = YES_AGGRESSIVE;
				CLANG_CXX_LANGUAGE_STANDARD = "gnu++14";
				CLANG_ENABLE_OBJC_WEAK = YES;
				CLANG_WARN_DOCUMENTATION_COMMENTS = YES;
				CLANG_WARN_UNGUARDED_AVAILABILITY = YES_AGGRESSIVE;
				CODE_SIGN_IDENTITY = "iPhone Developer";
				CODE_SIGN_STYLE = Automatic;
				DEVELOPMENT_TEAM = R85C7FUGTC;
				GCC_C_LANGUAGE_STANDARD = gnu11;
				INFOPLIST_FILE = SwiftDataTablesTests/Info.plist;
				IPHONEOS_DEPLOYMENT_TARGET = 17.0;
				LD_RUNPATH_SEARCH_PATHS = (
					"$(inherited)",
					"@executable_path/Frameworks",
					"@loader_path/Frameworks",
				);
				MTL_FAST_MATH = YES;
				PRODUCT_BUNDLE_IDENTIFIER = com.pavankataria.SwiftDataTablesTests;
				PRODUCT_NAME = "$(TARGET_NAME)";
				SWIFT_STRICT_CONCURRENCY = complete;
				SWIFT_VERSION = 5.0;
				TARGETED_DEVICE_FAMILY = "1,2";
				TEST_HOST = "$(BUILT_PRODUCTS_DIR)/SwiftDataTables_Example.app/SwiftDataTables_Example";
			};
			name = Release;
		};
		607FACED1AFB9204008FA782 /* Debug */ = {
			isa = XCBuildConfiguration;
			buildSettings = {
				ALWAYS_SEARCH_USER_PATHS = NO;
				CLANG_CXX_LANGUAGE_STANDARD = "gnu++0x";
				CLANG_CXX_LIBRARY = "libc++";
				CLANG_ENABLE_MODULES = YES;
				CLANG_ENABLE_OBJC_ARC = YES;
				CLANG_WARN_BLOCK_CAPTURE_AUTORELEASING = YES;
				CLANG_WARN_BOOL_CONVERSION = YES;
				CLANG_WARN_COMMA = YES;
				CLANG_WARN_CONSTANT_CONVERSION = YES;
				CLANG_WARN_DEPRECATED_OBJC_IMPLEMENTATIONS = YES;
				CLANG_WARN_DIRECT_OBJC_ISA_USAGE = YES_ERROR;
				CLANG_WARN_EMPTY_BODY = YES;
				CLANG_WARN_ENUM_CONVERSION = YES;
				CLANG_WARN_INFINITE_RECURSION = YES;
				CLANG_WARN_INT_CONVERSION = YES;
				CLANG_WARN_NON_LITERAL_NULL_CONVERSION = YES;
				CLANG_WARN_OBJC_IMPLICIT_RETAIN_SELF = YES;
				CLANG_WARN_OBJC_LITERAL_CONVERSION = YES;
				CLANG_WARN_OBJC_ROOT_CLASS = YES_ERROR;
				CLANG_WARN_QUOTED_INCLUDE_IN_FRAMEWORK_HEADER = YES;
				CLANG_WARN_RANGE_LOOP_ANALYSIS = YES;
				CLANG_WARN_STRICT_PROTOTYPES = YES;
				CLANG_WARN_SUSPICIOUS_MOVE = YES;
				CLANG_WARN_UNREACHABLE_CODE = YES;
				CLANG_WARN__DUPLICATE_METHOD_MATCH = YES;
				"CODE_SIGN_IDENTITY[sdk=iphoneos*]" = "iPhone Developer";
				COPY_PHASE_STRIP = NO;
				DEBUG_INFORMATION_FORMAT = "dwarf-with-dsym";
				ENABLE_STRICT_OBJC_MSGSEND = YES;
				ENABLE_TESTABILITY = YES;
				ENABLE_USER_SCRIPT_SANDBOXING = YES;
				GCC_C_LANGUAGE_STANDARD = gnu99;
				GCC_DYNAMIC_NO_PIC = NO;
				GCC_NO_COMMON_BLOCKS = YES;
				GCC_OPTIMIZATION_LEVEL = 0;
				GCC_PREPROCESSOR_DEFINITIONS = (
					"DEBUG=1",
					"$(inherited)",
				);
				GCC_SYMBOLS_PRIVATE_EXTERN = NO;
				GCC_WARN_64_TO_32_BIT_CONVERSION = YES;
				GCC_WARN_ABOUT_RETURN_TYPE = YES_ERROR;
				GCC_WARN_UNDECLARED_SELECTOR = YES;
				GCC_WARN_UNINITIALIZED_AUTOS = YES_AGGRESSIVE;
				GCC_WARN_UNUSED_FUNCTION = YES;
				GCC_WARN_UNUSED_VARIABLE = YES;
				IPHONEOS_DEPLOYMENT_TARGET = 17.0;
				MTL_ENABLE_DEBUG_INFO = YES;
				ONLY_ACTIVE_ARCH = YES;
				SDKROOT = iphoneos;
				STRING_CATALOG_GENERATE_SYMBOLS = YES;
				SWIFT_OPTIMIZATION_LEVEL = "-Onone";
				SWIFT_STRICT_CONCURRENCY = complete;
				SWIFT_VERSION = 5.0;
			};
			name = Debug;
		};
		607FACEE1AFB9204008FA782 /* Release */ = {
			isa = XCBuildConfiguration;
			buildSettings = {
				ALWAYS_SEARCH_USER_PATHS = NO;
				CLANG_CXX_LANGUAGE_STANDARD = "gnu++0x";
				CLANG_CXX_LIBRARY = "libc++";
				CLANG_ENABLE_MODULES = YES;
				CLANG_ENABLE_OBJC_ARC = YES;
				CLANG_WARN_BLOCK_CAPTURE_AUTORELEASING = YES;
				CLANG_WARN_BOOL_CONVERSION = YES;
				CLANG_WARN_COMMA = YES;
				CLANG_WARN_CONSTANT_CONVERSION = YES;
				CLANG_WARN_DEPRECATED_OBJC_IMPLEMENTATIONS = YES;
				CLANG_WARN_DIRECT_OBJC_ISA_USAGE = YES_ERROR;
				CLANG_WARN_EMPTY_BODY = YES;
				CLANG_WARN_ENUM_CONVERSION = YES;
				CLANG_WARN_INFINITE_RECURSION = YES;
				CLANG_WARN_INT_CONVERSION = YES;
				CLANG_WARN_NON_LITERAL_NULL_CONVERSION = YES;
				CLANG_WARN_OBJC_IMPLICIT_RETAIN_SELF = YES;
				CLANG_WARN_OBJC_LITERAL_CONVERSION = YES;
				CLANG_WARN_OBJC_ROOT_CLASS = YES_ERROR;
				CLANG_WARN_QUOTED_INCLUDE_IN_FRAMEWORK_HEADER = YES;
				CLANG_WARN_RANGE_LOOP_ANALYSIS = YES;
				CLANG_WARN_STRICT_PROTOTYPES = YES;
				CLANG_WARN_SUSPICIOUS_MOVE = YES;
				CLANG_WARN_UNREACHABLE_CODE = YES;
				CLANG_WARN__DUPLICATE_METHOD_MATCH = YES;
				"CODE_SIGN_IDENTITY[sdk=iphoneos*]" = "iPhone Developer";
				COPY_PHASE_STRIP = NO;
				DEBUG_INFORMATION_FORMAT = "dwarf-with-dsym";
				ENABLE_NS_ASSERTIONS = NO;
				ENABLE_STRICT_OBJC_MSGSEND = YES;
				ENABLE_USER_SCRIPT_SANDBOXING = YES;
				GCC_C_LANGUAGE_STANDARD = gnu99;
				GCC_NO_COMMON_BLOCKS = YES;
				GCC_WARN_64_TO_32_BIT_CONVERSION = YES;
				GCC_WARN_ABOUT_RETURN_TYPE = YES_ERROR;
				GCC_WARN_UNDECLARED_SELECTOR = YES;
				GCC_WARN_UNINITIALIZED_AUTOS = YES_AGGRESSIVE;
				GCC_WARN_UNUSED_FUNCTION = YES;
				GCC_WARN_UNUSED_VARIABLE = YES;
				IPHONEOS_DEPLOYMENT_TARGET = 17.0;
				MTL_ENABLE_DEBUG_INFO = NO;
				SDKROOT = iphoneos;
				STRING_CATALOG_GENERATE_SYMBOLS = YES;
				SWIFT_COMPILATION_MODE = wholemodule;
				SWIFT_OPTIMIZATION_LEVEL = "-O";
				SWIFT_STRICT_CONCURRENCY = complete;
				SWIFT_VERSION = 5.0;
				VALIDATE_PRODUCT = YES;
			};
			name = Release;
		};
		607FACF01AFB9204008FA782 /* Debug */ = {
			isa = XCBuildConfiguration;
			buildSettings = {
				ASSETCATALOG_COMPILER_APPICON_NAME = AppIcon;
				CLANG_ENABLE_MODULES = YES;
				CODE_SIGN_IDENTITY = "iPhone Developer";
				DEVELOPMENT_TEAM = R85C7FUGTC;
				FRAMEWORK_SEARCH_PATHS = "";
				INFOPLIST_FILE = "$(SRCROOT)/DemoSwiftDataTables/Resources/Info.plist";
				IPHONEOS_DEPLOYMENT_TARGET = 17.0;
				LD_RUNPATH_SEARCH_PATHS = (
					"$(inherited)",
					"@executable_path/Frameworks",
				);
				MODULE_NAME = ExampleApp;
				OTHER_LDFLAGS = "";
				PODS_BUILD_DIR = "";
				PODS_CONFIGURATION_BUILD_DIR = "";
				PODS_PODFILE_DIR_PATH = "";
				PODS_ROOT = "";
				PRODUCT_BUNDLE_IDENTIFIER = "demo.SwiftDataTables-Example";
				PRODUCT_NAME = "$(TARGET_NAME)";
				SWIFT_OBJC_BRIDGING_HEADER = "DemoSwiftDataTables/SwiftDataTables_Example-Bridging-Header.h";
				SWIFT_OPTIMIZATION_LEVEL = "-Onone";
				TARGETED_DEVICE_FAMILY = "1,2";
			};
			name = Debug;
		};
		607FACF11AFB9204008FA782 /* Release */ = {
			isa = XCBuildConfiguration;
			buildSettings = {
				ASSETCATALOG_COMPILER_APPICON_NAME = AppIcon;
				CLANG_ENABLE_MODULES = YES;
				CODE_SIGN_IDENTITY = "iPhone Developer";
				DEVELOPMENT_TEAM = R85C7FUGTC;
				FRAMEWORK_SEARCH_PATHS = "";
				INFOPLIST_FILE = "$(SRCROOT)/DemoSwiftDataTables/Resources/Info.plist";
				IPHONEOS_DEPLOYMENT_TARGET = 17.0;
				LD_RUNPATH_SEARCH_PATHS = (
					"$(inherited)",
					"@executable_path/Frameworks",
				);
				MODULE_NAME = ExampleApp;
				OTHER_LDFLAGS = "";
				PODS_BUILD_DIR = "";
				PODS_CONFIGURATION_BUILD_DIR = "";
				PODS_PODFILE_DIR_PATH = "";
				PODS_ROOT = "";
				PRODUCT_BUNDLE_IDENTIFIER = "demo.SwiftDataTables-Example";
				PRODUCT_NAME = "$(TARGET_NAME)";
				SWIFT_OBJC_BRIDGING_HEADER = "DemoSwiftDataTables/SwiftDataTables_Example-Bridging-Header.h";
				TARGETED_DEVICE_FAMILY = "1,2";
			};
			name = Release;
		};
		E234B0C8231353BF009FC712 /* Debug */ = {
			isa = XCBuildConfiguration;
			buildSettings = {
				CLANG_ANALYZER_NONNULL = YES;
				CLANG_ANALYZER_NUMBER_OBJECT_CONVERSION = YES_AGGRESSIVE;
				CLANG_CXX_LANGUAGE_STANDARD = "gnu++14";
				CLANG_ENABLE_OBJC_WEAK = YES;
				CLANG_WARN_DOCUMENTATION_COMMENTS = YES;
				CLANG_WARN_UNGUARDED_AVAILABILITY = YES_AGGRESSIVE;
				CODE_SIGN_IDENTITY = "";
				CODE_SIGN_STYLE = Automatic;
				CURRENT_PROJECT_VERSION = 1;
				DEBUG_INFORMATION_FORMAT = dwarf;
				DEFINES_MODULE = YES;
				DEVELOPMENT_TEAM = "";
				DYLIB_COMPATIBILITY_VERSION = 1;
				DYLIB_CURRENT_VERSION = 1;
				DYLIB_INSTALL_NAME_BASE = "@rpath";
				ENABLE_MODULE_VERIFIER = YES;
				GCC_C_LANGUAGE_STANDARD = gnu11;
				INFOPLIST_FILE = SwiftDataTables/Info.plist;
				INSTALL_PATH = "$(LOCAL_LIBRARY_DIR)/Frameworks";
				IPHONEOS_DEPLOYMENT_TARGET = 17.0;
				LD_RUNPATH_SEARCH_PATHS = (
					"$(inherited)",
					"@executable_path/Frameworks",
					"@loader_path/Frameworks",
				);
				MODULE_VERIFIER_SUPPORTED_LANGUAGE_STANDARDS = "gnu11 gnu++14";
				MTL_ENABLE_DEBUG_INFO = INCLUDE_SOURCE;
				MTL_FAST_MATH = YES;
				PRODUCT_BUNDLE_IDENTIFIER = demo.SwiftDataTables.SwiftDataTables;
				PRODUCT_NAME = "$(TARGET_NAME:c99extidentifier)";
				PROVISIONING_PROFILE_SPECIFIER = "";
				SKIP_INSTALL = YES;
				SWIFT_ACTIVE_COMPILATION_CONDITIONS = DEBUG;
				SWIFT_STRICT_CONCURRENCY = complete;
				SWIFT_VERSION = 5.0;
				TARGETED_DEVICE_FAMILY = "1,2";
				VERSIONING_SYSTEM = "apple-generic";
				VERSION_INFO_PREFIX = "";
			};
			name = Debug;
		};
		E234B0C9231353BF009FC712 /* Release */ = {
			isa = XCBuildConfiguration;
			buildSettings = {
				CLANG_ANALYZER_NONNULL = YES;
				CLANG_ANALYZER_NUMBER_OBJECT_CONVERSION = YES_AGGRESSIVE;
				CLANG_CXX_LANGUAGE_STANDARD = "gnu++14";
				CLANG_ENABLE_OBJC_WEAK = YES;
				CLANG_WARN_DOCUMENTATION_COMMENTS = YES;
				CLANG_WARN_UNGUARDED_AVAILABILITY = YES_AGGRESSIVE;
				CODE_SIGN_IDENTITY = "";
				CODE_SIGN_STYLE = Automatic;
				CURRENT_PROJECT_VERSION = 1;
				DEFINES_MODULE = YES;
				DEVELOPMENT_TEAM = "";
				DYLIB_COMPATIBILITY_VERSION = 1;
				DYLIB_CURRENT_VERSION = 1;
				DYLIB_INSTALL_NAME_BASE = "@rpath";
				ENABLE_MODULE_VERIFIER = YES;
				GCC_C_LANGUAGE_STANDARD = gnu11;
				INFOPLIST_FILE = SwiftDataTables/Info.plist;
				INSTALL_PATH = "$(LOCAL_LIBRARY_DIR)/Frameworks";
				IPHONEOS_DEPLOYMENT_TARGET = 17.0;
				LD_RUNPATH_SEARCH_PATHS = (
					"$(inherited)",
					"@executable_path/Frameworks",
					"@loader_path/Frameworks",
				);
				MODULE_VERIFIER_SUPPORTED_LANGUAGE_STANDARDS = "gnu11 gnu++14";
				MTL_FAST_MATH = YES;
				PRODUCT_BUNDLE_IDENTIFIER = demo.SwiftDataTables.SwiftDataTables;
				PRODUCT_NAME = "$(TARGET_NAME:c99extidentifier)";
				PROVISIONING_PROFILE_SPECIFIER = "";
				SKIP_INSTALL = YES;
				SWIFT_STRICT_CONCURRENCY = complete;
				SWIFT_VERSION = 5.0;
				TARGETED_DEVICE_FAMILY = "1,2";
				VERSIONING_SYSTEM = "apple-generic";
				VERSION_INFO_PREFIX = "";
			};
			name = Release;
		};
/* End XCBuildConfiguration section */

/* Begin XCConfigurationList section */
		05D66E7322B94942003004D9 /* Build configuration list for PBXNativeTarget "SwiftDataTablesTests" */ = {
			isa = XCConfigurationList;
			buildConfigurations = (
				05D66E7422B94942003004D9 /* Debug */,
				05D66E7522B94942003004D9 /* Release */,
			);
			defaultConfigurationIsVisible = 0;
			defaultConfigurationName = Release;
		};
		607FACCB1AFB9204008FA782 /* Build configuration list for PBXProject "SwiftDataTables" */ = {
			isa = XCConfigurationList;
			buildConfigurations = (
				607FACED1AFB9204008FA782 /* Debug */,
				607FACEE1AFB9204008FA782 /* Release */,
			);
			defaultConfigurationIsVisible = 0;
			defaultConfigurationName = Release;
		};
		607FACEF1AFB9204008FA782 /* Build configuration list for PBXNativeTarget "SwiftDataTables_Example" */ = {
			isa = XCConfigurationList;
			buildConfigurations = (
				607FACF01AFB9204008FA782 /* Debug */,
				607FACF11AFB9204008FA782 /* Release */,
			);
			defaultConfigurationIsVisible = 0;
			defaultConfigurationName = Release;
		};
		E234B0C7231353BF009FC712 /* Build configuration list for PBXNativeTarget "SwiftDataTables" */ = {
			isa = XCConfigurationList;
			buildConfigurations = (
				E234B0C8231353BF009FC712 /* Debug */,
				E234B0C9231353BF009FC712 /* Release */,
			);
			defaultConfigurationIsVisible = 0;
			defaultConfigurationName = Release;
		};
/* End XCConfigurationList section */
	};
	rootObject = 607FACC81AFB9204008FA782 /* Project object */;
}
