// !$*UTF8*$!
{
	archiveVersion = 1;
	classes = {
	};
	objectVersion = 46;
	objects = {

/* Begin PBXBuildFile section */
		0557FFCB20D18824003EC229 /* MenuTableViewController.swift in Sources */ = {isa = PBXBuildFile; fileRef = 0557FFCA20D18824003EC229 /* MenuTableViewController.swift */; };
		058315822224644B004B4478 /* SwiftDataTables.bundle in Resources */ = {isa = PBXBuildFile; fileRef = 0583155E2224644B004B4478 /* SwiftDataTables.bundle */; };
		058315832224644B004B4478 /* PaginationHeaderViewModel.swift in Sources */ = {isa = PBXBuildFile; fileRef = 058315612224644B004B4478 /* PaginationHeaderViewModel.swift */; };
		058315842224644B004B4478 /* PaginationHeader.xib in Resources */ = {isa = PBXBuildFile; fileRef = 058315622224644B004B4478 /* PaginationHeader.xib */; };
		058315852224644B004B4478 /* PaginationHeader.swift in Sources */ = {isa = PBXBuildFile; fileRef = 058315632224644B004B4478 /* PaginationHeader.swift */; };
		058315862224644B004B4478 /* MenuLengthHeader.xib in Resources */ = {isa = PBXBuildFile; fileRef = 058315652224644B004B4478 /* MenuLengthHeader.xib */; };
		058315872224644B004B4478 /* MenuLengthHeader.swift in Sources */ = {isa = PBXBuildFile; fileRef = 058315662224644B004B4478 /* MenuLengthHeader.swift */; };
		058315882224644B004B4478 /* MenuLengthHeaderViewModel.swift in Sources */ = {isa = PBXBuildFile; fileRef = 058315672224644B004B4478 /* MenuLengthHeaderViewModel.swift */; };
		058315892224644B004B4478 /* DataTableSortType.swift in Sources */ = {isa = PBXBuildFile; fileRef = 058315682224644B004B4478 /* DataTableSortType.swift */; };
		0583158A2224644B004B4478 /* DataTableSearchTextField.swift in Sources */ = {isa = PBXBuildFile; fileRef = 058315692224644B004B4478 /* DataTableSearchTextField.swift */; };
		0583158B2224644B004B4478 /* DataTableConfiguration.swift in Sources */ = {isa = PBXBuildFile; fileRef = 0583156A2224644B004B4478 /* DataTableConfiguration.swift */; };
		0583158C2224644B004B4478 /* DataCellViewModel.swift in Sources */ = {isa = PBXBuildFile; fileRef = 0583156C2224644B004B4478 /* DataCellViewModel.swift */; };
		0583158D2224644B004B4478 /* DataCellLayoutAttributes.swift in Sources */ = {isa = PBXBuildFile; fileRef = 0583156D2224644B004B4478 /* DataCellLayoutAttributes.swift */; };
		0583158E2224644B004B4478 /* DataCell.xib in Resources */ = {isa = PBXBuildFile; fileRef = 0583156E2224644B004B4478 /* DataCell.xib */; };
		0583158F2224644B004B4478 /* DataCell.swift in Sources */ = {isa = PBXBuildFile; fileRef = 0583156F2224644B004B4478 /* DataCell.swift */; };
		058315902224644B004B4478 /* SwiftDataTableLayout.swift in Sources */ = {isa = PBXBuildFile; fileRef = 058315702224644B004B4478 /* SwiftDataTableLayout.swift */; };
		058315912224644B004B4478 /* SwiftDataTable+Extensions.swift in Sources */ = {isa = PBXBuildFile; fileRef = 058315722224644B004B4478 /* SwiftDataTable+Extensions.swift */; };
		058315922224644B004B4478 /* DataTableSortable.swift in Sources */ = {isa = PBXBuildFile; fileRef = 058315732224644B004B4478 /* DataTableSortable.swift */; };
		058315932224644B004B4478 /* DataStore.swift in Sources */ = {isa = PBXBuildFile; fileRef = 058315742224644B004B4478 /* DataStore.swift */; };
		058315942224644B004B4478 /* DataTableValueType.swift in Sources */ = {isa = PBXBuildFile; fileRef = 058315752224644B004B4478 /* DataTableValueType.swift */; };
		058315952224644B004B4478 /* SwiftDataTable.swift in Sources */ = {isa = PBXBuildFile; fileRef = 058315762224644B004B4478 /* SwiftDataTable.swift */; };
		058315962224644B004B4478 /* VirtualPositionTrackable.swift in Sources */ = {isa = PBXBuildFile; fileRef = 058315782224644B004B4478 /* VirtualPositionTrackable.swift */; };
		058315972224644B004B4478 /* CollectionViewCellRepresentable.swift in Sources */ = {isa = PBXBuildFile; fileRef = 058315792224644B004B4478 /* CollectionViewCellRepresentable.swift */; };
		058315982224644B004B4478 /* DataCellRowRepresentable.swift in Sources */ = {isa = PBXBuildFile; fileRef = 0583157A2224644B004B4478 /* DataCellRowRepresentable.swift */; };
		058315992224644B004B4478 /* SwiftDataTableDataSourceAndDelegate.swift in Sources */ = {isa = PBXBuildFile; fileRef = 0583157B2224644B004B4478 /* SwiftDataTableDataSourceAndDelegate.swift */; };
		0583159A2224644B004B4478 /* CollectionViewSupplementaryElementRepresentable.swift in Sources */ = {isa = PBXBuildFile; fileRef = 0583157C2224644B004B4478 /* CollectionViewSupplementaryElementRepresentable.swift */; };
		0583159B2224644B004B4478 /* DataHeaderFooter.xib in Resources */ = {isa = PBXBuildFile; fileRef = 0583157E2224644B004B4478 /* DataHeaderFooter.xib */; };
		0583159C2224644B004B4478 /* DataHeaderFooterViewModel.swift in Sources */ = {isa = PBXBuildFile; fileRef = 0583157F2224644B004B4478 /* DataHeaderFooterViewModel.swift */; };
		0583159D2224644B004B4478 /* DataHeaderFooter.swift in Sources */ = {isa = PBXBuildFile; fileRef = 058315802224644B004B4478 /* DataHeaderFooter.swift */; };
		0583159E2224644B004B4478 /* DataStructureModel.swift in Sources */ = {isa = PBXBuildFile; fileRef = 058315812224644B004B4478 /* DataStructureModel.swift */; };
		058D4BB71E954000002A2DC9 /* DataTableWithDataSourceViewController.swift in Sources */ = {isa = PBXBuildFile; fileRef = 058D4BB61E954000002A2DC9 /* DataTableWithDataSourceViewController.swift */; };
		05D66E6F22B94942003004D9 /* SwiftDataTablesTests.swift in Sources */ = {isa = PBXBuildFile; fileRef = 05D66E6E22B94942003004D9 /* SwiftDataTablesTests.swift */; };
		05DDE6B11E71AF2C003BD61E /* File.swift in Sources */ = {isa = PBXBuildFile; fileRef = 05DDE6B01E71AF2C003BD61E /* File.swift */; };
		607FACD61AFB9204008FA782 /* AppDelegate.swift in Sources */ = {isa = PBXBuildFile; fileRef = 607FACD51AFB9204008FA782 /* AppDelegate.swift */; };
		607FACD81AFB9204008FA782 /* DataTableWithDataSetViewController.swift in Sources */ = {isa = PBXBuildFile; fileRef = 607FACD71AFB9204008FA782 /* DataTableWithDataSetViewController.swift */; };
		607FACDD1AFB9204008FA782 /* Images.xcassets in Resources */ = {isa = PBXBuildFile; fileRef = 607FACDC1AFB9204008FA782 /* Images.xcassets */; };
		607FACE01AFB9204008FA782 /* LaunchScreen.xib in Resources */ = {isa = PBXBuildFile; fileRef = 607FACDE1AFB9204008FA782 /* LaunchScreen.xib */; };
/* End PBXBuildFile section */

/* Begin PBXContainerItemProxy section */
		05D66E7122B94942003004D9 /* PBXContainerItemProxy */ = {
			isa = PBXContainerItemProxy;
			containerPortal = 607FACC81AFB9204008FA782 /* Project object */;
			proxyType = 1;
			remoteGlobalIDString = 607FACCF1AFB9204008FA782;
			remoteInfo = SwiftDataTables_Example;
		};
/* End PBXContainerItemProxy section */

/* Begin PBXFileReference section */
		0557FFCA20D18824003EC229 /* MenuTableViewController.swift */ = {isa = PBXFileReference; lastKnownFileType = sourcecode.swift; path = MenuTableViewController.swift; sourceTree = "<group>"; };
		0583155E2224644B004B4478 /* SwiftDataTables.bundle */ = {isa = PBXFileReference; lastKnownFileType = "wrapper.plug-in"; path = SwiftDataTables.bundle; sourceTree = "<group>"; };
		058315612224644B004B4478 /* PaginationHeaderViewModel.swift */ = {isa = PBXFileReference; fileEncoding = 4; lastKnownFileType = sourcecode.swift; path = PaginationHeaderViewModel.swift; sourceTree = "<group>"; };
		058315622224644B004B4478 /* PaginationHeader.xib */ = {isa = PBXFileReference; fileEncoding = 4; lastKnownFileType = file.xib; path = PaginationHeader.xib; sourceTree = "<group>"; };
		058315632224644B004B4478 /* PaginationHeader.swift */ = {isa = PBXFileReference; fileEncoding = 4; lastKnownFileType = sourcecode.swift; path = PaginationHeader.swift; sourceTree = "<group>"; };
		058315652224644B004B4478 /* MenuLengthHeader.xib */ = {isa = PBXFileReference; fileEncoding = 4; lastKnownFileType = file.xib; path = MenuLengthHeader.xib; sourceTree = "<group>"; };
		058315662224644B004B4478 /* MenuLengthHeader.swift */ = {isa = PBXFileReference; fileEncoding = 4; lastKnownFileType = sourcecode.swift; path = MenuLengthHeader.swift; sourceTree = "<group>"; };
		058315672224644B004B4478 /* MenuLengthHeaderViewModel.swift */ = {isa = PBXFileReference; fileEncoding = 4; lastKnownFileType = sourcecode.swift; path = MenuLengthHeaderViewModel.swift; sourceTree = "<group>"; };
		058315682224644B004B4478 /* DataTableSortType.swift */ = {isa = PBXFileReference; fileEncoding = 4; lastKnownFileType = sourcecode.swift; path = DataTableSortType.swift; sourceTree = "<group>"; };
		058315692224644B004B4478 /* DataTableSearchTextField.swift */ = {isa = PBXFileReference; fileEncoding = 4; lastKnownFileType = sourcecode.swift; path = DataTableSearchTextField.swift; sourceTree = "<group>"; };
		0583156A2224644B004B4478 /* DataTableConfiguration.swift */ = {isa = PBXFileReference; fileEncoding = 4; lastKnownFileType = sourcecode.swift; path = DataTableConfiguration.swift; sourceTree = "<group>"; };
		0583156C2224644B004B4478 /* DataCellViewModel.swift */ = {isa = PBXFileReference; fileEncoding = 4; lastKnownFileType = sourcecode.swift; path = DataCellViewModel.swift; sourceTree = "<group>"; };
		0583156D2224644B004B4478 /* DataCellLayoutAttributes.swift */ = {isa = PBXFileReference; fileEncoding = 4; lastKnownFileType = sourcecode.swift; path = DataCellLayoutAttributes.swift; sourceTree = "<group>"; };
		0583156E2224644B004B4478 /* DataCell.xib */ = {isa = PBXFileReference; fileEncoding = 4; lastKnownFileType = file.xib; path = DataCell.xib; sourceTree = "<group>"; };
		0583156F2224644B004B4478 /* DataCell.swift */ = {isa = PBXFileReference; fileEncoding = 4; lastKnownFileType = sourcecode.swift; path = DataCell.swift; sourceTree = "<group>"; };
		058315702224644B004B4478 /* SwiftDataTableLayout.swift */ = {isa = PBXFileReference; fileEncoding = 4; lastKnownFileType = sourcecode.swift; path = SwiftDataTableLayout.swift; sourceTree = "<group>"; };
		058315722224644B004B4478 /* SwiftDataTable+Extensions.swift */ = {isa = PBXFileReference; fileEncoding = 4; lastKnownFileType = sourcecode.swift; path = "SwiftDataTable+Extensions.swift"; sourceTree = "<group>"; };
		058315732224644B004B4478 /* DataTableSortable.swift */ = {isa = PBXFileReference; fileEncoding = 4; lastKnownFileType = sourcecode.swift; path = DataTableSortable.swift; sourceTree = "<group>"; };
		058315742224644B004B4478 /* DataStore.swift */ = {isa = PBXFileReference; fileEncoding = 4; lastKnownFileType = sourcecode.swift; path = DataStore.swift; sourceTree = "<group>"; };
		058315752224644B004B4478 /* DataTableValueType.swift */ = {isa = PBXFileReference; fileEncoding = 4; lastKnownFileType = sourcecode.swift; path = DataTableValueType.swift; sourceTree = "<group>"; };
		058315762224644B004B4478 /* SwiftDataTable.swift */ = {isa = PBXFileReference; fileEncoding = 4; lastKnownFileType = sourcecode.swift; path = SwiftDataTable.swift; sourceTree = "<group>"; };
		058315782224644B004B4478 /* VirtualPositionTrackable.swift */ = {isa = PBXFileReference; fileEncoding = 4; lastKnownFileType = sourcecode.swift; path = VirtualPositionTrackable.swift; sourceTree = "<group>"; };
		058315792224644B004B4478 /* CollectionViewCellRepresentable.swift */ = {isa = PBXFileReference; fileEncoding = 4; lastKnownFileType = sourcecode.swift; path = CollectionViewCellRepresentable.swift; sourceTree = "<group>"; };
		0583157A2224644B004B4478 /* DataCellRowRepresentable.swift */ = {isa = PBXFileReference; fileEncoding = 4; lastKnownFileType = sourcecode.swift; path = DataCellRowRepresentable.swift; sourceTree = "<group>"; };
		0583157B2224644B004B4478 /* SwiftDataTableDataSourceAndDelegate.swift */ = {isa = PBXFileReference; fileEncoding = 4; lastKnownFileType = sourcecode.swift; path = SwiftDataTableDataSourceAndDelegate.swift; sourceTree = "<group>"; };
		0583157C2224644B004B4478 /* CollectionViewSupplementaryElementRepresentable.swift */ = {isa = PBXFileReference; fileEncoding = 4; lastKnownFileType = sourcecode.swift; path = CollectionViewSupplementaryElementRepresentable.swift; sourceTree = "<group>"; };
		0583157E2224644B004B4478 /* DataHeaderFooter.xib */ = {isa = PBXFileReference; fileEncoding = 4; lastKnownFileType = file.xib; path = DataHeaderFooter.xib; sourceTree = "<group>"; };
		0583157F2224644B004B4478 /* DataHeaderFooterViewModel.swift */ = {isa = PBXFileReference; fileEncoding = 4; lastKnownFileType = sourcecode.swift; path = DataHeaderFooterViewModel.swift; sourceTree = "<group>"; };
		058315802224644B004B4478 /* DataHeaderFooter.swift */ = {isa = PBXFileReference; fileEncoding = 4; lastKnownFileType = sourcecode.swift; path = DataHeaderFooter.swift; sourceTree = "<group>"; };
		058315812224644B004B4478 /* DataStructureModel.swift */ = {isa = PBXFileReference; fileEncoding = 4; lastKnownFileType = sourcecode.swift; path = DataStructureModel.swift; sourceTree = "<group>"; };
		058D4BB21E953FDD002A2DC9 /* SwiftDataTables_Example-Bridging-Header.h */ = {isa = PBXFileReference; lastKnownFileType = sourcecode.c.h; path = "SwiftDataTables_Example-Bridging-Header.h"; sourceTree = "<group>"; };
		058D4BB61E954000002A2DC9 /* DataTableWithDataSourceViewController.swift */ = {isa = PBXFileReference; fileEncoding = 4; lastKnownFileType = sourcecode.swift; path = DataTableWithDataSourceViewController.swift; sourceTree = "<group>"; };
		05D66E6C22B94942003004D9 /* SwiftDataTablesTests.xctest */ = {isa = PBXFileReference; explicitFileType = wrapper.cfbundle; includeInIndex = 0; path = SwiftDataTablesTests.xctest; sourceTree = BUILT_PRODUCTS_DIR; };
		05D66E6E22B94942003004D9 /* SwiftDataTablesTests.swift */ = {isa = PBXFileReference; lastKnownFileType = sourcecode.swift; path = SwiftDataTablesTests.swift; sourceTree = "<group>"; };
		05D66E7022B94942003004D9 /* Info.plist */ = {isa = PBXFileReference; lastKnownFileType = text.plist.xml; path = Info.plist; sourceTree = "<group>"; };
		05DDE6B01E71AF2C003BD61E /* File.swift */ = {isa = PBXFileReference; fileEncoding = 4; lastKnownFileType = sourcecode.swift; path = File.swift; sourceTree = "<group>"; };
		607FACD01AFB9204008FA782 /* SwiftDataTables_Example.app */ = {isa = PBXFileReference; explicitFileType = wrapper.application; includeInIndex = 0; path = SwiftDataTables_Example.app; sourceTree = BUILT_PRODUCTS_DIR; };
		607FACD41AFB9204008FA782 /* Info.plist */ = {isa = PBXFileReference; lastKnownFileType = text.plist.xml; path = Info.plist; sourceTree = "<group>"; };
		607FACD51AFB9204008FA782 /* AppDelegate.swift */ = {isa = PBXFileReference; lastKnownFileType = sourcecode.swift; path = AppDelegate.swift; sourceTree = "<group>"; };
		607FACD71AFB9204008FA782 /* DataTableWithDataSetViewController.swift */ = {isa = PBXFileReference; lastKnownFileType = sourcecode.swift; path = DataTableWithDataSetViewController.swift; sourceTree = "<group>"; };
		607FACDC1AFB9204008FA782 /* Images.xcassets */ = {isa = PBXFileReference; lastKnownFileType = folder.assetcatalog; path = Images.xcassets; sourceTree = "<group>"; };
		607FACDF1AFB9204008FA782 /* Base */ = {isa = PBXFileReference; lastKnownFileType = file.xib; name = Base; path = Base.lproj/LaunchScreen.xib; sourceTree = "<group>"; };
/* End PBXFileReference section */

/* Begin PBXFrameworksBuildPhase section */
		05D66E6922B94942003004D9 /* Frameworks */ = {
			isa = PBXFrameworksBuildPhase;
			buildActionMask = 2147483647;
			files = (
			);
			runOnlyForDeploymentPostprocessing = 0;
		};
		607FACCD1AFB9204008FA782 /* Frameworks */ = {
			isa = PBXFrameworksBuildPhase;
			buildActionMask = 2147483647;
			files = (
			);
			runOnlyForDeploymentPostprocessing = 0;
		};
/* End PBXFrameworksBuildPhase section */

/* Begin PBXGroup section */
		0583155D2224644B004B4478 /* SwiftDataTables */ = {
			isa = PBXGroup;
			children = (
				0583155E2224644B004B4478 /* SwiftDataTables.bundle */,
				0583155F2224644B004B4478 /* Classes */,
			);
			name = SwiftDataTables;
			path = ../../SwiftDataTables;
			sourceTree = "<group>";
		};
		0583155F2224644B004B4478 /* Classes */ = {
			isa = PBXGroup;
			children = (
				058315602224644B004B4478 /* PaginationHeader */,
				058315642224644B004B4478 /* MenuLengthHeader */,
				058315682224644B004B4478 /* DataTableSortType.swift */,
				058315692224644B004B4478 /* DataTableSearchTextField.swift */,
				0583156A2224644B004B4478 /* DataTableConfiguration.swift */,
				0583156B2224644B004B4478 /* DataCell */,
				058315702224644B004B4478 /* SwiftDataTableLayout.swift */,
				058315712224644B004B4478 /* Extensions */,
				058315732224644B004B4478 /* DataTableSortable.swift */,
				058315742224644B004B4478 /* DataStore.swift */,
				058315752224644B004B4478 /* DataTableValueType.swift */,
				058315762224644B004B4478 /* SwiftDataTable.swift */,
				058315772224644B004B4478 /* Protocols */,
				0583157D2224644B004B4478 /* HeaderFooter */,
				058315812224644B004B4478 /* DataStructureModel.swift */,
			);
			path = Classes;
			sourceTree = "<group>";
		};
		058315602224644B004B4478 /* PaginationHeader */ = {
			isa = PBXGroup;
			children = (
				058315612224644B004B4478 /* PaginationHeaderViewModel.swift */,
				058315622224644B004B4478 /* PaginationHeader.xib */,
				058315632224644B004B4478 /* PaginationHeader.swift */,
			);
			path = PaginationHeader;
			sourceTree = "<group>";
		};
		058315642224644B004B4478 /* MenuLengthHeader */ = {
			isa = PBXGroup;
			children = (
				058315652224644B004B4478 /* MenuLengthHeader.xib */,
				058315662224644B004B4478 /* MenuLengthHeader.swift */,
				058315672224644B004B4478 /* MenuLengthHeaderViewModel.swift */,
			);
			path = MenuLengthHeader;
			sourceTree = "<group>";
		};
		0583156B2224644B004B4478 /* DataCell */ = {
			isa = PBXGroup;
			children = (
				0583156C2224644B004B4478 /* DataCellViewModel.swift */,
				0583156D2224644B004B4478 /* DataCellLayoutAttributes.swift */,
				0583156E2224644B004B4478 /* DataCell.xib */,
				0583156F2224644B004B4478 /* DataCell.swift */,
			);
			path = DataCell;
			sourceTree = "<group>";
		};
		058315712224644B004B4478 /* Extensions */ = {
			isa = PBXGroup;
			children = (
				058315722224644B004B4478 /* SwiftDataTable+Extensions.swift */,
			);
			path = Extensions;
			sourceTree = "<group>";
		};
		058315772224644B004B4478 /* Protocols */ = {
			isa = PBXGroup;
			children = (
				058315782224644B004B4478 /* VirtualPositionTrackable.swift */,
				058315792224644B004B4478 /* CollectionViewCellRepresentable.swift */,
				0583157A2224644B004B4478 /* DataCellRowRepresentable.swift */,
				0583157B2224644B004B4478 /* SwiftDataTableDataSourceAndDelegate.swift */,
				0583157C2224644B004B4478 /* CollectionViewSupplementaryElementRepresentable.swift */,
			);
			path = Protocols;
			sourceTree = "<group>";
		};
		0583157D2224644B004B4478 /* HeaderFooter */ = {
			isa = PBXGroup;
			children = (
				0583157E2224644B004B4478 /* DataHeaderFooter.xib */,
				0583157F2224644B004B4478 /* DataHeaderFooterViewModel.swift */,
				058315802224644B004B4478 /* DataHeaderFooter.swift */,
			);
			path = HeaderFooter;
			sourceTree = "<group>";
		};
		05D66E6D22B94942003004D9 /* SwiftDataTablesTests */ = {
			isa = PBXGroup;
			children = (
				05D66E6E22B94942003004D9 /* SwiftDataTablesTests.swift */,
				05D66E7022B94942003004D9 /* Info.plist */,
			);
			path = SwiftDataTablesTests;
			sourceTree = "<group>";
		};
		607FACC71AFB9204008FA782 = {
			isa = PBXGroup;
			children = (
				607FACD21AFB9204008FA782 /* DemoSwiftDataTables */,
				05D66E6D22B94942003004D9 /* SwiftDataTablesTests */,
				607FACD11AFB9204008FA782 /* Products */,
			);
			sourceTree = "<group>";
		};
		607FACD11AFB9204008FA782 /* Products */ = {
			isa = PBXGroup;
			children = (
				607FACD01AFB9204008FA782 /* SwiftDataTables_Example.app */,
				05D66E6C22B94942003004D9 /* SwiftDataTablesTests.xctest */,
			);
			name = Products;
			sourceTree = "<group>";
		};
		607FACD21AFB9204008FA782 /* DemoSwiftDataTables */ = {
			isa = PBXGroup;
			children = (
				0583155D2224644B004B4478 /* SwiftDataTables */,
				607FACD51AFB9204008FA782 /* AppDelegate.swift */,
				0557FFCA20D18824003EC229 /* MenuTableViewController.swift */,
				607FACD71AFB9204008FA782 /* DataTableWithDataSetViewController.swift */,
				058D4BB61E954000002A2DC9 /* DataTableWithDataSourceViewController.swift */,
				607FACDC1AFB9204008FA782 /* Images.xcassets */,
				607FACDE1AFB9204008FA782 /* LaunchScreen.xib */,
				607FACD31AFB9204008FA782 /* Supporting Files */,
				058D4BB21E953FDD002A2DC9 /* SwiftDataTables_Example-Bridging-Header.h */,
			);
			path = DemoSwiftDataTables;
			sourceTree = "<group>";
		};
		607FACD31AFB9204008FA782 /* Supporting Files */ = {
			isa = PBXGroup;
			children = (
				05DDE6B01E71AF2C003BD61E /* File.swift */,
				607FACD41AFB9204008FA782 /* Info.plist */,
			);
			name = "Supporting Files";
			sourceTree = "<group>";
		};
/* End PBXGroup section */

/* Begin PBXNativeTarget section */
		05D66E6B22B94942003004D9 /* SwiftDataTablesTests */ = {
			isa = PBXNativeTarget;
			buildConfigurationList = 05D66E7322B94942003004D9 /* Build configuration list for PBXNativeTarget "SwiftDataTablesTests" */;
			buildPhases = (
				05D66E6822B94942003004D9 /* Sources */,
				05D66E6922B94942003004D9 /* Frameworks */,
				05D66E6A22B94942003004D9 /* Resources */,
			);
			buildRules = (
			);
			dependencies = (
				05D66E7222B94942003004D9 /* PBXTargetDependency */,
			);
			name = SwiftDataTablesTests;
			productName = SwiftDataTablesTests;
			productReference = 05D66E6C22B94942003004D9 /* SwiftDataTablesTests.xctest */;
			productType = "com.apple.product-type.bundle.unit-test";
		};
		607FACCF1AFB9204008FA782 /* SwiftDataTables_Example */ = {
			isa = PBXNativeTarget;
			buildConfigurationList = 607FACEF1AFB9204008FA782 /* Build configuration list for PBXNativeTarget "SwiftDataTables_Example" */;
			buildPhases = (
				607FACCC1AFB9204008FA782 /* Sources */,
				607FACCD1AFB9204008FA782 /* Frameworks */,
				607FACCE1AFB9204008FA782 /* Resources */,
			);
			buildRules = (
			);
			dependencies = (
			);
			name = SwiftDataTables_Example;
			productName = SwiftDataTables;
			productReference = 607FACD01AFB9204008FA782 /* SwiftDataTables_Example.app */;
			productType = "com.apple.product-type.application";
		};
/* End PBXNativeTarget section */

/* Begin PBXProject section */
		607FACC81AFB9204008FA782 /* Project object */ = {
			isa = PBXProject;
			attributes = {
				LastSwiftUpdateCheck = 1020;
				LastUpgradeCheck = 0940;
				ORGANIZATIONNAME = CocoaPods;
				TargetAttributes = {
					05D66E6B22B94942003004D9 = {
						CreatedOnToolsVersion = 10.2.1;
						DevelopmentTeam = R85C7FUGTC;
						ProvisioningStyle = Automatic;
						TestTargetID = 607FACCF1AFB9204008FA782;
					};
					607FACCF1AFB9204008FA782 = {
						CreatedOnToolsVersion = 6.3.1;
						LastSwiftMigration = 1020;
					};
				};
			};
			buildConfigurationList = 607FACCB1AFB9204008FA782 /* Build configuration list for PBXProject "SwiftDataTables" */;
			compatibilityVersion = "Xcode 3.2";
			developmentRegion = en;
			hasScannedForEncodings = 0;
			knownRegions = (
				en,
				Base,
			);
			mainGroup = 607FACC71AFB9204008FA782;
			productRefGroup = 607FACD11AFB9204008FA782 /* Products */;
			projectDirPath = "";
			projectRoot = "";
			targets = (
				607FACCF1AFB9204008FA782 /* SwiftDataTables_Example */,
				05D66E6B22B94942003004D9 /* SwiftDataTablesTests */,
			);
		};
/* End PBXProject section */

/* Begin PBXResourcesBuildPhase section */
		05D66E6A22B94942003004D9 /* Resources */ = {
			isa = PBXResourcesBuildPhase;
			buildActionMask = 2147483647;
			files = (
			);
			runOnlyForDeploymentPostprocessing = 0;
		};
		607FACCE1AFB9204008FA782 /* Resources */ = {
			isa = PBXResourcesBuildPhase;
			buildActionMask = 2147483647;
			files = (
				058315842224644B004B4478 /* PaginationHeader.xib in Resources */,
				0583158E2224644B004B4478 /* DataCell.xib in Resources */,
				607FACE01AFB9204008FA782 /* LaunchScreen.xib in Resources */,
				607FACDD1AFB9204008FA782 /* Images.xcassets in Resources */,
				058315862224644B004B4478 /* MenuLengthHeader.xib in Resources */,
				058315822224644B004B4478 /* SwiftDataTables.bundle in Resources */,
				0583159B2224644B004B4478 /* DataHeaderFooter.xib in Resources */,
			);
			runOnlyForDeploymentPostprocessing = 0;
		};
/* End PBXResourcesBuildPhase section */

/* Begin PBXSourcesBuildPhase section */
		05D66E6822B94942003004D9 /* Sources */ = {
			isa = PBXSourcesBuildPhase;
			buildActionMask = 2147483647;
			files = (
				05D66E6F22B94942003004D9 /* SwiftDataTablesTests.swift in Sources */,
			);
			runOnlyForDeploymentPostprocessing = 0;
		};
		607FACCC1AFB9204008FA782 /* Sources */ = {
			isa = PBXSourcesBuildPhase;
			buildActionMask = 2147483647;
			files = (
				058315962224644B004B4478 /* VirtualPositionTrackable.swift in Sources */,
				058315932224644B004B4478 /* DataStore.swift in Sources */,
				0583159A2224644B004B4478 /* CollectionViewSupplementaryElementRepresentable.swift in Sources */,
				058315922224644B004B4478 /* DataTableSortable.swift in Sources */,
				058315952224644B004B4478 /* SwiftDataTable.swift in Sources */,
				058315892224644B004B4478 /* DataTableSortType.swift in Sources */,
				0583159E2224644B004B4478 /* DataStructureModel.swift in Sources */,
				607FACD81AFB9204008FA782 /* DataTableWithDataSetViewController.swift in Sources */,
				0583159D2224644B004B4478 /* DataHeaderFooter.swift in Sources */,
				058315902224644B004B4478 /* SwiftDataTableLayout.swift in Sources */,
				058315872224644B004B4478 /* MenuLengthHeader.swift in Sources */,
				058315832224644B004B4478 /* PaginationHeaderViewModel.swift in Sources */,
				0583158A2224644B004B4478 /* DataTableSearchTextField.swift in Sources */,
				058315852224644B004B4478 /* PaginationHeader.swift in Sources */,
				058315882224644B004B4478 /* MenuLengthHeaderViewModel.swift in Sources */,
				0583158C2224644B004B4478 /* DataCellViewModel.swift in Sources */,
				05DDE6B11E71AF2C003BD61E /* File.swift in Sources */,
				058315942224644B004B4478 /* DataTableValueType.swift in Sources */,
				0557FFCB20D18824003EC229 /* MenuTableViewController.swift in Sources */,
				0583158B2224644B004B4478 /* DataTableConfiguration.swift in Sources */,
				058315972224644B004B4478 /* CollectionViewCellRepresentable.swift in Sources */,
				058D4BB71E954000002A2DC9 /* DataTableWithDataSourceViewController.swift in Sources */,
				0583158D2224644B004B4478 /* DataCellLayoutAttributes.swift in Sources */,
				058315912224644B004B4478 /* SwiftDataTable+Extensions.swift in Sources */,
				0583158F2224644B004B4478 /* DataCell.swift in Sources */,
				058315992224644B004B4478 /* SwiftDataTableDataSourceAndDelegate.swift in Sources */,
				607FACD61AFB9204008FA782 /* AppDelegate.swift in Sources */,
				0583159C2224644B004B4478 /* DataHeaderFooterViewModel.swift in Sources */,
				058315982224644B004B4478 /* DataCellRowRepresentable.swift in Sources */,
			);
			runOnlyForDeploymentPostprocessing = 0;
		};
/* End PBXSourcesBuildPhase section */

/* Begin PBXTargetDependency section */
		05D66E7222B94942003004D9 /* PBXTargetDependency */ = {
			isa = PBXTargetDependency;
			target = 607FACCF1AFB9204008FA782 /* SwiftDataTables_Example */;
			targetProxy = 05D66E7122B94942003004D9 /* PBXContainerItemProxy */;
		};
/* End PBXTargetDependency section */

/* Begin PBXVariantGroup section */
		607FACDE1AFB9204008FA782 /* LaunchScreen.xib */ = {
			isa = PBXVariantGroup;
			children = (
				607FACDF1AFB9204008FA782 /* Base */,
			);
			name = LaunchScreen.xib;
			sourceTree = "<group>";
		};
/* End PBXVariantGroup section */

/* Begin XCBuildConfiguration section */
		05D66E7422B94942003004D9 /* Debug */ = {
			isa = XCBuildConfiguration;
			buildSettings = {
				BUNDLE_LOADER = "$(TEST_HOST)";
				CLANG_ANALYZER_NONNULL = YES;
				CLANG_ANALYZER_NUMBER_OBJECT_CONVERSION = YES_AGGRESSIVE;
				CLANG_CXX_LANGUAGE_STANDARD = "gnu++14";
				CLANG_ENABLE_OBJC_WEAK = YES;
				CLANG_WARN_DOCUMENTATION_COMMENTS = YES;
				CLANG_WARN_UNGUARDED_AVAILABILITY = YES_AGGRESSIVE;
				CODE_SIGN_IDENTITY = "iPhone Developer";
				CODE_SIGN_STYLE = Automatic;
				DEBUG_INFORMATION_FORMAT = dwarf;
				DEVELOPMENT_TEAM = R85C7FUGTC;
				GCC_C_LANGUAGE_STANDARD = gnu11;
				INFOPLIST_FILE = SwiftDataTablesTests/Info.plist;
				IPHONEOS_DEPLOYMENT_TARGET = 12.2;
				LD_RUNPATH_SEARCH_PATHS = "$(inherited) @executable_path/Frameworks @loader_path/Frameworks";
				MTL_ENABLE_DEBUG_INFO = INCLUDE_SOURCE;
				MTL_FAST_MATH = YES;
				PRODUCT_BUNDLE_IDENTIFIER = com.pavankataria.SwiftDataTablesTests;
				PRODUCT_NAME = "$(TARGET_NAME)";
				SWIFT_ACTIVE_COMPILATION_CONDITIONS = DEBUG;
				SWIFT_VERSION = 5.0;
				TARGETED_DEVICE_FAMILY = "1,2";
				TEST_HOST = "$(BUILT_PRODUCTS_DIR)/SwiftDataTables_Example.app/SwiftDataTables_Example";
			};
			name = Debug;
		};
		05D66E7522B94942003004D9 /* Release */ = {
			isa = XCBuildConfiguration;
			buildSettings = {
				BUNDLE_LOADER = "$(TEST_HOST)";
				CLANG_ANALYZER_NONNULL = YES;
				CLANG_ANALYZER_NUMBER_OBJECT_CONVERSION = YES_AGGRESSIVE;
				CLANG_CXX_LANGUAGE_STANDARD = "gnu++14";
				CLANG_ENABLE_OBJC_WEAK = YES;
				CLANG_WARN_DOCUMENTATION_COMMENTS = YES;
				CLANG_WARN_UNGUARDED_AVAILABILITY = YES_AGGRESSIVE;
				CODE_SIGN_IDENTITY = "iPhone Developer";
				CODE_SIGN_STYLE = Automatic;
				DEVELOPMENT_TEAM = R85C7FUGTC;
				GCC_C_LANGUAGE_STANDARD = gnu11;
				INFOPLIST_FILE = SwiftDataTablesTests/Info.plist;
				IPHONEOS_DEPLOYMENT_TARGET = 12.2;
				LD_RUNPATH_SEARCH_PATHS = "$(inherited) @executable_path/Frameworks @loader_path/Frameworks";
				MTL_FAST_MATH = YES;
				PRODUCT_BUNDLE_IDENTIFIER = com.pavankataria.SwiftDataTablesTests;
				PRODUCT_NAME = "$(TARGET_NAME)";
				SWIFT_VERSION = 5.0;
				TARGETED_DEVICE_FAMILY = "1,2";
				TEST_HOST = "$(BUILT_PRODUCTS_DIR)/SwiftDataTables_Example.app/SwiftDataTables_Example";
			};
			name = Release;
		};
		607FACED1AFB9204008FA782 /* Debug */ = {
			isa = XCBuildConfiguration;
			buildSettings = {
				ALWAYS_SEARCH_USER_PATHS = NO;
				CLANG_CXX_LANGUAGE_STANDARD = "gnu++0x";
				CLANG_CXX_LIBRARY = "libc++";
				CLANG_ENABLE_MODULES = YES;
				CLANG_ENABLE_OBJC_ARC = YES;
				CLANG_WARN_BLOCK_CAPTURE_AUTORELEASING = YES;
				CLANG_WARN_BOOL_CONVERSION = YES;
				CLANG_WARN_COMMA = YES;
				CLANG_WARN_CONSTANT_CONVERSION = YES;
				CLANG_WARN_DEPRECATED_OBJC_IMPLEMENTATIONS = YES;
				CLANG_WARN_DIRECT_OBJC_ISA_USAGE = YES_ERROR;
				CLANG_WARN_EMPTY_BODY = YES;
				CLANG_WARN_ENUM_CONVERSION = YES;
				CLANG_WARN_INFINITE_RECURSION = YES;
				CLANG_WARN_INT_CONVERSION = YES;
				CLANG_WARN_NON_LITERAL_NULL_CONVERSION = YES;
				CLANG_WARN_OBJC_IMPLICIT_RETAIN_SELF = YES;
				CLANG_WARN_OBJC_LITERAL_CONVERSION = YES;
				CLANG_WARN_OBJC_ROOT_CLASS = YES_ERROR;
				CLANG_WARN_RANGE_LOOP_ANALYSIS = YES;
				CLANG_WARN_STRICT_PROTOTYPES = YES;
				CLANG_WARN_SUSPICIOUS_MOVE = YES;
				CLANG_WARN_UNREACHABLE_CODE = YES;
				CLANG_WARN__DUPLICATE_METHOD_MATCH = YES;
				"CODE_SIGN_IDENTITY[sdk=iphoneos*]" = "iPhone Developer";
				COPY_PHASE_STRIP = NO;
				DEBUG_INFORMATION_FORMAT = "dwarf-with-dsym";
				ENABLE_STRICT_OBJC_MSGSEND = YES;
				ENABLE_TESTABILITY = YES;
				GCC_C_LANGUAGE_STANDARD = gnu99;
				GCC_DYNAMIC_NO_PIC = NO;
				GCC_NO_COMMON_BLOCKS = YES;
				GCC_OPTIMIZATION_LEVEL = 0;
				GCC_PREPROCESSOR_DEFINITIONS = (
					"DEBUG=1",
					"$(inherited)",
				);
				GCC_SYMBOLS_PRIVATE_EXTERN = NO;
				GCC_WARN_64_TO_32_BIT_CONVERSION = YES;
				GCC_WARN_ABOUT_RETURN_TYPE = YES_ERROR;
				GCC_WARN_UNDECLARED_SELECTOR = YES;
				GCC_WARN_UNINITIALIZED_AUTOS = YES_AGGRESSIVE;
				GCC_WARN_UNUSED_FUNCTION = YES;
				GCC_WARN_UNUSED_VARIABLE = YES;
				IPHONEOS_DEPLOYMENT_TARGET = 8.0;
				MTL_ENABLE_DEBUG_INFO = YES;
				ONLY_ACTIVE_ARCH = YES;
				SDKROOT = iphoneos;
				SWIFT_OPTIMIZATION_LEVEL = "-Onone";
				SWIFT_VERSION = 5.0;
			};
			name = Debug;
		};
		607FACEE1AFB9204008FA782 /* Release */ = {
			isa = XCBuildConfiguration;
			buildSettings = {
				ALWAYS_SEARCH_USER_PATHS = NO;
				CLANG_CXX_LANGUAGE_STANDARD = "gnu++0x";
				CLANG_CXX_LIBRARY = "libc++";
				CLANG_ENABLE_MODULES = YES;
				CLANG_ENABLE_OBJC_ARC = YES;
				CLANG_WARN_BLOCK_CAPTURE_AUTORELEASING = YES;
				CLANG_WARN_BOOL_CONVERSION = YES;
				CLANG_WARN_COMMA = YES;
				CLANG_WARN_CONSTANT_CONVERSION = YES;
				CLANG_WARN_DEPRECATED_OBJC_IMPLEMENTATIONS = YES;
				CLANG_WARN_DIRECT_OBJC_ISA_USAGE = YES_ERROR;
				CLANG_WARN_EMPTY_BODY = YES;
				CLANG_WARN_ENUM_CONVERSION = YES;
				CLANG_WARN_INFINITE_RECURSION = YES;
				CLANG_WARN_INT_CONVERSION = YES;
				CLANG_WARN_NON_LITERAL_NULL_CONVERSION = YES;
				CLANG_WARN_OBJC_IMPLICIT_RETAIN_SELF = YES;
				CLANG_WARN_OBJC_LITERAL_CONVERSION = YES;
				CLANG_WARN_OBJC_ROOT_CLASS = YES_ERROR;
				CLANG_WARN_RANGE_LOOP_ANALYSIS = YES;
				CLANG_WARN_STRICT_PROTOTYPES = YES;
				CLANG_WARN_SUSPICIOUS_MOVE = YES;
				CLANG_WARN_UNREACHABLE_CODE = YES;
				CLANG_WARN__DUPLICATE_METHOD_MATCH = YES;
				"CODE_SIGN_IDENTITY[sdk=iphoneos*]" = "iPhone Developer";
				COPY_PHASE_STRIP = NO;
				DEBUG_INFORMATION_FORMAT = "dwarf-with-dsym";
				ENABLE_NS_ASSERTIONS = NO;
				ENABLE_STRICT_OBJC_MSGSEND = YES;
				GCC_C_LANGUAGE_STANDARD = gnu99;
				GCC_NO_COMMON_BLOCKS = YES;
				GCC_WARN_64_TO_32_BIT_CONVERSION = YES;
				GCC_WARN_ABOUT_RETURN_TYPE = YES_ERROR;
				GCC_WARN_UNDECLARED_SELECTOR = YES;
				GCC_WARN_UNINITIALIZED_AUTOS = YES_AGGRESSIVE;
				GCC_WARN_UNUSED_FUNCTION = YES;
				GCC_WARN_UNUSED_VARIABLE = YES;
				IPHONEOS_DEPLOYMENT_TARGET = 8.0;
				MTL_ENABLE_DEBUG_INFO = NO;
				SDKROOT = iphoneos;
				SWIFT_OPTIMIZATION_LEVEL = "-Owholemodule";
				SWIFT_VERSION = 5.0;
				VALIDATE_PRODUCT = YES;
			};
			name = Release;
		};
		607FACF01AFB9204008FA782 /* Debug */ = {
			isa = XCBuildConfiguration;
			buildSettings = {
				ALWAYS_EMBED_SWIFT_STANDARD_LIBRARIES = YES;
				ASSETCATALOG_COMPILER_APPICON_NAME = AppIcon;
				CLANG_ENABLE_MODULES = YES;
				DEVELOPMENT_TEAM = "";
				FRAMEWORK_SEARCH_PATHS = "";
				INFOPLIST_FILE = "$(SRCROOT)/DemoSwiftDataTables/Info.plist";
				IPHONEOS_DEPLOYMENT_TARGET = 8.0;
				LD_RUNPATH_SEARCH_PATHS = "$(inherited) @executable_path/Frameworks";
				MODULE_NAME = ExampleApp;
				OTHER_LDFLAGS = "";
				PODS_BUILD_DIR = "";
				PODS_CONFIGURATION_BUILD_DIR = "";
				PODS_PODFILE_DIR_PATH = "";
				PODS_ROOT = "";
				PRODUCT_BUNDLE_IDENTIFIER = "demo.SwiftDataTables-Example";
				PRODUCT_NAME = "$(TARGET_NAME)";
				SWIFT_OBJC_BRIDGING_HEADER = "DemoSwiftDataTables/SwiftDataTables_Example-Bridging-Header.h";
				SWIFT_OPTIMIZATION_LEVEL = "-Onone";
				TARGETED_DEVICE_FAMILY = "1,2";
			};
			name = Debug;
		};
		607FACF11AFB9204008FA782 /* Release */ = {
			isa = XCBuildConfiguration;
			buildSettings = {
				ALWAYS_EMBED_SWIFT_STANDARD_LIBRARIES = YES;
				ASSETCATALOG_COMPILER_APPICON_NAME = AppIcon;
				CLANG_ENABLE_MODULES = YES;
				DEVELOPMENT_TEAM = "";
				FRAMEWORK_SEARCH_PATHS = "";
				INFOPLIST_FILE = "$(SRCROOT)/DemoSwiftDataTables/Info.plist";
				IPHONEOS_DEPLOYMENT_TARGET = 8.0;
				LD_RUNPATH_SEARCH_PATHS = "$(inherited) @executable_path/Frameworks";
				MODULE_NAME = ExampleApp;
				OTHER_LDFLAGS = "";
				PODS_BUILD_DIR = "";
				PODS_CONFIGURATION_BUILD_DIR = "";
				PODS_PODFILE_DIR_PATH = "";
				PODS_ROOT = "";
				PRODUCT_BUNDLE_IDENTIFIER = "demo.SwiftDataTables-Example";
				PRODUCT_NAME = "$(TARGET_NAME)";
				SWIFT_OBJC_BRIDGING_HEADER = "DemoSwiftDataTables/SwiftDataTables_Example-Bridging-Header.h";
				TARGETED_DEVICE_FAMILY = "1,2";
			};
			name = Release;
		};
/* End XCBuildConfiguration section */

/* Begin XCConfigurationList section */
		05D66E7322B94942003004D9 /* Build configuration list for PBXNativeTarget "SwiftDataTablesTests" */ = {
			isa = XCConfigurationList;
			buildConfigurations = (
				05D66E7422B94942003004D9 /* Debug */,
				05D66E7522B94942003004D9 /* Release */,
			);
			defaultConfigurationIsVisible = 0;
			defaultConfigurationName = Release;
		};
		607FACCB1AFB9204008FA782 /* Build configuration list for PBXProject "SwiftDataTables" */ = {
			isa = XCConfigurationList;
			buildConfigurations = (
				607FACED1AFB9204008FA782 /* Debug */,
				607FACEE1AFB9204008FA782 /* Release */,
			);
			defaultConfigurationIsVisible = 0;
			defaultConfigurationName = Release;
		};
		607FACEF1AFB9204008FA782 /* Build configuration list for PBXNativeTarget "SwiftDataTables_Example" */ = {
			isa = XCConfigurationList;
			buildConfigurations = (
				607FACF01AFB9204008FA782 /* Debug */,
				607FACF11AFB9204008FA782 /* Release */,
			);
			defaultConfigurationIsVisible = 0;
			defaultConfigurationName = Release;
		};
/* End XCConfigurationList section */
	};
	rootObject = 607FACC81AFB9204008FA782 /* Project object */;
}
